
Microsoft Visual Studio Solution File, Format Version 12.00
# Visual Studio Version 17
VisualStudioVersion = 17.0.32126.317
MinimumVisualStudioVersion = 10.0.40219.1
Project("{9A19103F-16F7-4668-BE54-9A1E7A4F7556}") = "Jakar.Extensions", "Jakar.Extensions\Jakar.Extensions.csproj", "{9BE466B0-58AD-49F9-91ED-FDDFEE93932D}"
EndProject
Project("{2150E333-8FDC-42A3-9474-1A3956D46DE8}") = "nuget", "nuget", "{07C27764-F156-4896-B028-6FD19BB2E82E}"
	ProjectSection(SolutionItems) = preProject
		nuget\Jakar.Extensions.Blazor.nuspec = nuget\Jakar.Extensions.Blazor.nuspec
		nuget\Jakar.Extensions.Hosting.nuspec = nuget\Jakar.Extensions.Hosting.nuspec
		nuget\Jakar.Extensions.nuspec = nuget\Jakar.Extensions.nuspec
		nuget\Jakar.Extensions.Xamarin.Forms.nuspec = nuget\Jakar.Extensions.Xamarin.Forms.nuspec
		nuget\Jakar.Xml.nuspec = nuget\Jakar.Xml.nuspec
		nuget\LICENSE.txt = nuget\LICENSE.txt
		nuget\nuget.exe = nuget\nuget.exe
		nuget\pack.bat = nuget\pack.bat
		nuget\pack.sh = nuget\pack.sh
	EndProjectSection
EndProject
Project("{2150E333-8FDC-42A3-9474-1A3956D46DE8}") = "Solution Items", "Solution Items", "{B8AA3696-1782-42CF-8B29-1A4AAE184F9A}"
	ProjectSection(SolutionItems) = preProject
		.editorconfig = .editorconfig
		images\icon.png = images\icon.png
		LICENSE.txt = LICENSE.txt
		README.md = README.md
	EndProjectSection
EndProject
Project("{9A19103F-16F7-4668-BE54-9A1E7A4F7556}") = "Jakar.Extensions.Tests", "Jakar.Extensions.Tests\Jakar.Extensions.Tests.csproj", "{DD4C5642-0868-486F-BFD0-98BDC04A3067}"
EndProject
Project("{9A19103F-16F7-4668-BE54-9A1E7A4F7556}") = "Console.Experiments", "Console.Experiments\Console.Experiments.csproj", "{3FAB8906-E295-47C5-9568-55A5F845E0EF}"
EndProject
Project("{9A19103F-16F7-4668-BE54-9A1E7A4F7556}") = "Jakar.Xml", "Jakar.Xml\Jakar.Xml.csproj", "{A28D6696-6AF8-4F63-955C-89089905EA5F}"
EndProject
Project("{9A19103F-16F7-4668-BE54-9A1E7A4F7556}") = "Jakar.Xml.Tests", "Jakar.Xml.Tests\Jakar.Xml.Tests.csproj", "{0764EDA4-68E5-49BD-9F9A-F15A022D2579}"
EndProject
Project("{9A19103F-16F7-4668-BE54-9A1E7A4F7556}") = "Jakar.Extensions.Xamarin.Forms", "Jakar.Extensions.Xamarin.Forms\Jakar.Extensions.Xamarin.Forms.csproj", "{4E515EF0-42EC-4F97-9489-322967995240}"
EndProject
Project("{FAE04EC0-301F-11D3-BF4B-00C04F79EFBC}") = "Jakar.Extensions.Xamarin.Forms.Droid", "Jakar.Extensions.Xamarin.Forms.Droid\Jakar.Extensions.Xamarin.Forms.Droid.csproj", "{F4A93385-6DA9-4498-B832-9B39C75DFFA8}"
EndProject
Project("{FAE04EC0-301F-11D3-BF4B-00C04F79EFBC}") = "Jakar.Extensions.Xamarin.Forms.iOS", "Jakar.Extensions.Xamarin.Forms.iOS\Jakar.Extensions.Xamarin.Forms.iOS.csproj", "{F77BD70A-AC4A-4C6F-ABD1-2835CC23A4DD}"
EndProject
Project("{9A19103F-16F7-4668-BE54-9A1E7A4F7556}") = "Jakar.Extensions.Blazor", "Jakar.Extensions.Blazor\Jakar.Extensions.Blazor.csproj", "{3DDF2DFF-288A-428B-A741-FCA0AE1CBC1A}"
EndProject
Project("{9A19103F-16F7-4668-BE54-9A1E7A4F7556}") = "Jakar.Json", "Jakar.Json\Jakar.Json.csproj", "{3B31051E-0CB8-4808-BB84-26F89B0536AE}"
EndProject
Project("{9A19103F-16F7-4668-BE54-9A1E7A4F7556}") = "Jakar.Extensions.Hosting", "Jakar.Extensions.Hosting\Jakar.Extensions.Hosting.csproj", "{1CD654C7-F469-413C-812E-D9E3BBC35A10}"
EndProject
Project("{9A19103F-16F7-4668-BE54-9A1E7A4F7556}") = "Jakar.Json.Generator", "Jakar.Json.Generator\Jakar.Json.Generator.csproj", "{A00B7430-2F61-447B-AC84-E156CD4E9349}"
EndProject
Project("{9A19103F-16F7-4668-BE54-9A1E7A4F7556}") = "Jakar.SqlBuilder", "Jakar.SqlBuilder\Jakar.SqlBuilder.csproj", "{07DD012F-B22B-40CF-965F-6E11DAB8E25D}"
EndProject
Project("{9A19103F-16F7-4668-BE54-9A1E7A4F7556}") = "Jakar.SqlBuilder.Tests", "Jakar.SqlBuilder.Tests\Jakar.SqlBuilder.Tests.csproj", "{5CF698E7-185A-4AA2-AB78-99175B690C1C}"
EndProject
Project("{9A19103F-16F7-4668-BE54-9A1E7A4F7556}") = "Jakar.Extensions.Wpf", "Jakar.Extensions.Wpf\Jakar.Extensions.Wpf.csproj", "{D3419869-47AD-45A3-8E6B-EEB292F3B26B}"
EndProject
Project("{FAE04EC0-301F-11D3-BF4B-00C04F79EFBC}") = "Jakar.Extensions.AppCenter", "Jakar.Extensions.AppCenter\Jakar.Extensions.AppCenter.csproj", "{D25E8D3D-67BC-481C-8642-1A52A09C71CF}"
EndProject
Global
	GlobalSection(SolutionConfigurationPlatforms) = preSolution
		Debug|Any CPU = Debug|Any CPU
		Release|Any CPU = Release|Any CPU
	EndGlobalSection
	GlobalSection(ProjectConfigurationPlatforms) = postSolution
		{9BE466B0-58AD-49F9-91ED-FDDFEE93932D}.Debug|Any CPU.ActiveCfg = Debug|Any CPU
		{9BE466B0-58AD-49F9-91ED-FDDFEE93932D}.Debug|Any CPU.Build.0 = Debug|Any CPU
		{9BE466B0-58AD-49F9-91ED-FDDFEE93932D}.Release|Any CPU.ActiveCfg = Release|Any CPU
		{9BE466B0-58AD-49F9-91ED-FDDFEE93932D}.Release|Any CPU.Build.0 = Release|Any CPU
		{DD4C5642-0868-486F-BFD0-98BDC04A3067}.Debug|Any CPU.ActiveCfg = Debug|Any CPU
		{DD4C5642-0868-486F-BFD0-98BDC04A3067}.Debug|Any CPU.Build.0 = Debug|Any CPU
		{DD4C5642-0868-486F-BFD0-98BDC04A3067}.Release|Any CPU.ActiveCfg = Release|Any CPU
		{DD4C5642-0868-486F-BFD0-98BDC04A3067}.Release|Any CPU.Build.0 = Release|Any CPU
		{3FAB8906-E295-47C5-9568-55A5F845E0EF}.Debug|Any CPU.ActiveCfg = Debug|Any CPU
		{3FAB8906-E295-47C5-9568-55A5F845E0EF}.Debug|Any CPU.Build.0 = Debug|Any CPU
		{3FAB8906-E295-47C5-9568-55A5F845E0EF}.Release|Any CPU.ActiveCfg = Release|Any CPU
		{3FAB8906-E295-47C5-9568-55A5F845E0EF}.Release|Any CPU.Build.0 = Release|Any CPU
		{A28D6696-6AF8-4F63-955C-89089905EA5F}.Debug|Any CPU.ActiveCfg = Debug|Any CPU
		{A28D6696-6AF8-4F63-955C-89089905EA5F}.Debug|Any CPU.Build.0 = Debug|Any CPU
		{A28D6696-6AF8-4F63-955C-89089905EA5F}.Release|Any CPU.ActiveCfg = Release|Any CPU
		{A28D6696-6AF8-4F63-955C-89089905EA5F}.Release|Any CPU.Build.0 = Release|Any CPU
		{0764EDA4-68E5-49BD-9F9A-F15A022D2579}.Debug|Any CPU.ActiveCfg = Debug|Any CPU
		{0764EDA4-68E5-49BD-9F9A-F15A022D2579}.Debug|Any CPU.Build.0 = Debug|Any CPU
		{0764EDA4-68E5-49BD-9F9A-F15A022D2579}.Release|Any CPU.ActiveCfg = Release|Any CPU
		{4E515EF0-42EC-4F97-9489-322967995240}.Debug|Any CPU.ActiveCfg = Debug|Any CPU
		{4E515EF0-42EC-4F97-9489-322967995240}.Debug|Any CPU.Build.0 = Debug|Any CPU
		{4E515EF0-42EC-4F97-9489-322967995240}.Release|Any CPU.ActiveCfg = Release|Any CPU
		{4E515EF0-42EC-4F97-9489-322967995240}.Release|Any CPU.Build.0 = Release|Any CPU
		{F4A93385-6DA9-4498-B832-9B39C75DFFA8}.Debug|Any CPU.ActiveCfg = Debug|Any CPU
		{F4A93385-6DA9-4498-B832-9B39C75DFFA8}.Debug|Any CPU.Build.0 = Debug|Any CPU
		{F4A93385-6DA9-4498-B832-9B39C75DFFA8}.Release|Any CPU.ActiveCfg = Release|Any CPU
		{F4A93385-6DA9-4498-B832-9B39C75DFFA8}.Release|Any CPU.Build.0 = Release|Any CPU
		{F77BD70A-AC4A-4C6F-ABD1-2835CC23A4DD}.Debug|Any CPU.ActiveCfg = Debug|Any CPU
		{F77BD70A-AC4A-4C6F-ABD1-2835CC23A4DD}.Debug|Any CPU.Build.0 = Debug|Any CPU
		{F77BD70A-AC4A-4C6F-ABD1-2835CC23A4DD}.Release|Any CPU.ActiveCfg = Release|Any CPU
		{F77BD70A-AC4A-4C6F-ABD1-2835CC23A4DD}.Release|Any CPU.Build.0 = Release|Any CPU
		{3DDF2DFF-288A-428B-A741-FCA0AE1CBC1A}.Debug|Any CPU.ActiveCfg = Debug|Any CPU
		{3DDF2DFF-288A-428B-A741-FCA0AE1CBC1A}.Debug|Any CPU.Build.0 = Debug|Any CPU
		{3DDF2DFF-288A-428B-A741-FCA0AE1CBC1A}.Release|Any CPU.ActiveCfg = Release|Any CPU
		{3DDF2DFF-288A-428B-A741-FCA0AE1CBC1A}.Release|Any CPU.Build.0 = Release|Any CPU
		{3B31051E-0CB8-4808-BB84-26F89B0536AE}.Debug|Any CPU.ActiveCfg = Debug|Any CPU
		{3B31051E-0CB8-4808-BB84-26F89B0536AE}.Debug|Any CPU.Build.0 = Debug|Any CPU
		{3B31051E-0CB8-4808-BB84-26F89B0536AE}.Release|Any CPU.ActiveCfg = Release|Any CPU
		{3B31051E-0CB8-4808-BB84-26F89B0536AE}.Release|Any CPU.Build.0 = Release|Any CPU
		{1CD654C7-F469-413C-812E-D9E3BBC35A10}.Debug|Any CPU.ActiveCfg = Debug|Any CPU
		{1CD654C7-F469-413C-812E-D9E3BBC35A10}.Debug|Any CPU.Build.0 = Debug|Any CPU
		{1CD654C7-F469-413C-812E-D9E3BBC35A10}.Release|Any CPU.ActiveCfg = Release|Any CPU
		{1CD654C7-F469-413C-812E-D9E3BBC35A10}.Release|Any CPU.Build.0 = Release|Any CPU
		{A00B7430-2F61-447B-AC84-E156CD4E9349}.Debug|Any CPU.ActiveCfg = Debug|Any CPU
		{A00B7430-2F61-447B-AC84-E156CD4E9349}.Debug|Any CPU.Build.0 = Debug|Any CPU
		{A00B7430-2F61-447B-AC84-E156CD4E9349}.Release|Any CPU.ActiveCfg = Release|Any CPU
		{A00B7430-2F61-447B-AC84-E156CD4E9349}.Release|Any CPU.Build.0 = Release|Any CPU
		{07DD012F-B22B-40CF-965F-6E11DAB8E25D}.Debug|Any CPU.ActiveCfg = Debug|Any CPU
		{07DD012F-B22B-40CF-965F-6E11DAB8E25D}.Debug|Any CPU.Build.0 = Debug|Any CPU
		{07DD012F-B22B-40CF-965F-6E11DAB8E25D}.Release|Any CPU.ActiveCfg = Release|Any CPU
		{07DD012F-B22B-40CF-965F-6E11DAB8E25D}.Release|Any CPU.Build.0 = Release|Any CPU
		{5CF698E7-185A-4AA2-AB78-99175B690C1C}.Debug|Any CPU.ActiveCfg = Debug|Any CPU
		{5CF698E7-185A-4AA2-AB78-99175B690C1C}.Debug|Any CPU.Build.0 = Debug|Any CPU
		{5CF698E7-185A-4AA2-AB78-99175B690C1C}.Release|Any CPU.ActiveCfg = Release|Any CPU
		{5CF698E7-185A-4AA2-AB78-99175B690C1C}.Release|Any CPU.Build.0 = Release|Any CPU
		{D3419869-47AD-45A3-8E6B-EEB292F3B26B}.Debug|Any CPU.ActiveCfg = Debug|Any CPU
		{D3419869-47AD-45A3-8E6B-EEB292F3B26B}.Debug|Any CPU.Build.0 = Debug|Any CPU
		{D3419869-47AD-45A3-8E6B-EEB292F3B26B}.Release|Any CPU.ActiveCfg = Release|Any CPU
		{D3419869-47AD-45A3-8E6B-EEB292F3B26B}.Release|Any CPU.Build.0 = Release|Any CPU
		{D25E8D3D-67BC-481C-8642-1A52A09C71CF}.Debug|Any CPU.ActiveCfg = Debug|Any CPU
		{D25E8D3D-67BC-481C-8642-1A52A09C71CF}.Debug|Any CPU.Build.0 = Debug|Any CPU
		{D25E8D3D-67BC-481C-8642-1A52A09C71CF}.Release|Any CPU.ActiveCfg = Release|Any CPU
		{D25E8D3D-67BC-481C-8642-1A52A09C71CF}.Release|Any CPU.Build.0 = Release|Any CPU
	EndGlobalSection
	GlobalSection(SolutionProperties) = preSolution
		HideSolutionNode = FALSE
	EndGlobalSection
	GlobalSection(ExtensibilityGlobals) = postSolution
		SolutionGuid = {C7E5B865-2D0F-4149-8CA9-F5410A4D055D}
	EndGlobalSection
EndGlobal
