
Microsoft Visual Studio Solution File, Format Version 12.00
# Visual Studio Version 17
VisualStudioVersion = 17.0.32126.317
MinimumVisualStudioVersion = 10.0.40219.1
Project("{9A19103F-16F7-4668-BE54-9A1E7A4F7556}") = "Jakar.Extensions", "Jakar.Extensions\Jakar.Extensions.csproj", "{9BE466B0-58AD-49F9-91ED-FDDFEE93932D}"
EndProject
Project("{2150E333-8FDC-42A3-9474-1A3956D46DE8}") = "nuget", "nuget", "{07C27764-F156-4896-B028-6FD19BB2E82E}"
	ProjectSection(SolutionItems) = preProject
		nuget\Jakar.DataBase.nuspec = nuget\Jakar.DataBase.nuspec
		nuget\Jakar.Extensions.Blazor.nuspec = nuget\Jakar.Extensions.Blazor.nuspec
		nuget\Jakar.Extensions.Blazor.Syncfusion.nuspec = nuget\Jakar.Extensions.Blazor.Syncfusion.nuspec
		nuget\Jakar.Extensions.Hosting.nuspec = nuget\Jakar.Extensions.Hosting.nuspec
		nuget\Jakar.Extensions.Maui.nuspec = nuget\Jakar.Extensions.Maui.nuspec
		nuget\Jakar.Extensions.nuspec = nuget\Jakar.Extensions.nuspec
		nuget\Jakar.Xml.nuspec = nuget\Jakar.Xml.nuspec
		nuget\LICENSE.txt = nuget\LICENSE.txt
		nuget\nuget.exe = nuget\nuget.exe
		nuget\pack.bat = nuget\pack.bat
		nuget\pack.sh = nuget\pack.sh
	EndProjectSection
EndProject
Project("{2150E333-8FDC-42A3-9474-1A3956D46DE8}") = "Solution Items", "Solution Items", "{B8AA3696-1782-42CF-8B29-1A4AAE184F9A}"
	ProjectSection(SolutionItems) = preProject
		.editorconfig = .editorconfig
		images\icon.png = images\icon.png
		LICENSE.txt = LICENSE.txt
		README.md = README.md
	EndProjectSection
EndProject
Project("{9A19103F-16F7-4668-BE54-9A1E7A4F7556}") = "Jakar.Extensions.Tests", "Jakar.Extensions.Tests\Jakar.Extensions.Tests.csproj", "{DD4C5642-0868-486F-BFD0-98BDC04A3067}"
EndProject
Project("{9A19103F-16F7-4668-BE54-9A1E7A4F7556}") = "Jakar.Extensions.Experiments", "Jakar.Extensions.Experiments\Jakar.Extensions.Experiments.csproj", "{3FAB8906-E295-47C5-9568-55A5F845E0EF}"
EndProject
Project("{9A19103F-16F7-4668-BE54-9A1E7A4F7556}") = "Jakar.Xml", "Jakar.Xml\Jakar.Xml.csproj", "{A28D6696-6AF8-4F63-955C-89089905EA5F}"
EndProject
Project("{9A19103F-16F7-4668-BE54-9A1E7A4F7556}") = "Jakar.Xml.Tests", "Jakar.Xml.Tests\Jakar.Xml.Tests.csproj", "{0764EDA4-68E5-49BD-9F9A-F15A022D2579}"
EndProject
Project("{9A19103F-16F7-4668-BE54-9A1E7A4F7556}") = "Jakar.Extensions.Blazor", "Jakar.Extensions.Blazor\Jakar.Extensions.Blazor.csproj", "{3DDF2DFF-288A-428B-A741-FCA0AE1CBC1A}"
EndProject
Project("{9A19103F-16F7-4668-BE54-9A1E7A4F7556}") = "Jakar.Json", "Jakar.Json\Jakar.Json.csproj", "{3B31051E-0CB8-4808-BB84-26F89B0536AE}"
EndProject
Project("{9A19103F-16F7-4668-BE54-9A1E7A4F7556}") = "Jakar.Json.Generator", "Jakar.Json.Generator\Jakar.Json.Generator.csproj", "{A00B7430-2F61-447B-AC84-E156CD4E9349}"
EndProject
Project("{9A19103F-16F7-4668-BE54-9A1E7A4F7556}") = "Jakar.SqlBuilder", "Jakar.SqlBuilder\Jakar.SqlBuilder.csproj", "{07DD012F-B22B-40CF-965F-6E11DAB8E25D}"
EndProject
Project("{9A19103F-16F7-4668-BE54-9A1E7A4F7556}") = "Jakar.SqlBuilder.Tests", "Jakar.SqlBuilder.Tests\Jakar.SqlBuilder.Tests.csproj", "{5CF698E7-185A-4AA2-AB78-99175B690C1C}"
EndProject
Project("{9A19103F-16F7-4668-BE54-9A1E7A4F7556}") = "Jakar.Extensions.Wpf", "Jakar.Extensions.Wpf\Jakar.Extensions.Wpf.csproj", "{D3419869-47AD-45A3-8E6B-EEB292F3B26B}"
EndProject
Project("{9A19103F-16F7-4668-BE54-9A1E7A4F7556}") = "Jakar.Extensions.Bogus", "Jakar.Extensions.Bogus\Jakar.Extensions.Bogus.csproj", "{2A67C324-7873-409E-859B-F02D7C718D65}"
EndProject
Project("{9A19103F-16F7-4668-BE54-9A1E7A4F7556}") = "Jakar.Database", "Jakar.Database\Jakar.Database.csproj", "{C68DF03A-AE24-4553-AA66-072728191784}"
EndProject
Project("{9A19103F-16F7-4668-BE54-9A1E7A4F7556}") = "Jakar.Extensions.Blazor.Syncfusion", "Jakar.Extensions.Blazor.Syncfusion\Jakar.Extensions.Blazor.Syncfusion.csproj", "{26F0EB17-A2AF-4C8E-A29E-338BE76068B1}"
EndProject
Project("{9A19103F-16F7-4668-BE54-9A1E7A4F7556}") = "Jakar.Database.Generators", "Jakar.Database.Generators\Jakar.Database.Generators.csproj", "{D2BCCEFD-CFE2-4711-A2B2-64918161E7D0}"
EndProject
Project("{9A19103F-16F7-4668-BE54-9A1E7A4F7556}") = "AotCompatibility.TestApp", "AotCompatibility.TestApp\AotCompatibility.TestApp.csproj", "{2FD9D9D1-AE64-4EC8-AF6E-5CA8B00E87B4}"
EndProject
Project("{FAE04EC0-301F-11D3-BF4B-00C04F79EFBC}") = "TestAppIos.Android", "TestAppIos\TestAppIos.Android\TestAppIos.Android.csproj", "{7B502E23-D50E-46EE-ACEF-8592E29B2D04}"
EndProject
Project("{FAE04EC0-301F-11D3-BF4B-00C04F79EFBC}") = "TestAppIos.iOS", "TestAppIos\TestAppIos.iOS\TestAppIos.iOS.csproj", "{9D863652-BE16-4B15-90F6-81B228224A10}"
EndProject
Project("{9A19103F-16F7-4668-BE54-9A1E7A4F7556}") = "TestAppIos", "TestAppIos\TestAppIos\TestAppIos.csproj", "{AA213E33-FC83-4D45-B483-B30041CBCB54}"
EndProject
Project("{2150E333-8FDC-42A3-9474-1A3956D46DE8}") = "TestApps", "TestApps", "{6B6D59C6-5752-46EA-8FAE-FAACFD2A1790}"
EndProject
Project("{9A19103F-16F7-4668-BE54-9A1E7A4F7556}") = "Jakar.Database.Experiments", "Jakar.Database.Experiments\Jakar.Database.Experiments.csproj", "{E8BC905A-0CE1-4CA9-93CB-D4445706B741}"
EndProject
Project("{FAE04EC0-301F-11D3-BF4B-00C04F79EFBC}") = "Jakar.Extensions.Tests.WebApi", "Jakar.Extensions.Tests.WebApi\Jakar.Extensions.Tests.WebApi.csproj", "{1F9C145E-AF4A-4D35-9822-9A01C9265A73}"
EndProject
Global
	GlobalSection(SolutionConfigurationPlatforms) = preSolution
		Debug|Any CPU = Debug|Any CPU
		Debug|iPhone = Debug|iPhone
		Debug|iPhoneSimulator = Debug|iPhoneSimulator
		Release|Any CPU = Release|Any CPU
		Release|iPhone = Release|iPhone
		Release|iPhoneSimulator = Release|iPhoneSimulator
	EndGlobalSection
	GlobalSection(ProjectConfigurationPlatforms) = postSolution
		{9BE466B0-58AD-49F9-91ED-FDDFEE93932D}.Debug|Any CPU.ActiveCfg = Debug|Any CPU
		{9BE466B0-58AD-49F9-91ED-FDDFEE93932D}.Debug|Any CPU.Build.0 = Debug|Any CPU
		{9BE466B0-58AD-49F9-91ED-FDDFEE93932D}.Debug|iPhone.ActiveCfg = Debug|Any CPU
		{9BE466B0-58AD-49F9-91ED-FDDFEE93932D}.Debug|iPhone.Build.0 = Debug|Any CPU
		{9BE466B0-58AD-49F9-91ED-FDDFEE93932D}.Debug|iPhoneSimulator.ActiveCfg = Debug|Any CPU
		{9BE466B0-58AD-49F9-91ED-FDDFEE93932D}.Debug|iPhoneSimulator.Build.0 = Debug|Any CPU
		{9BE466B0-58AD-49F9-91ED-FDDFEE93932D}.Release|Any CPU.ActiveCfg = Release|Any CPU
		{9BE466B0-58AD-49F9-91ED-FDDFEE93932D}.Release|Any CPU.Build.0 = Release|Any CPU
		{9BE466B0-58AD-49F9-91ED-FDDFEE93932D}.Release|iPhone.ActiveCfg = Release|Any CPU
		{9BE466B0-58AD-49F9-91ED-FDDFEE93932D}.Release|iPhone.Build.0 = Release|Any CPU
		{9BE466B0-58AD-49F9-91ED-FDDFEE93932D}.Release|iPhoneSimulator.ActiveCfg = Release|Any CPU
		{9BE466B0-58AD-49F9-91ED-FDDFEE93932D}.Release|iPhoneSimulator.Build.0 = Release|Any CPU
		{DD4C5642-0868-486F-BFD0-98BDC04A3067}.Debug|Any CPU.ActiveCfg = Debug|Any CPU
		{DD4C5642-0868-486F-BFD0-98BDC04A3067}.Debug|Any CPU.Build.0 = Debug|Any CPU
		{DD4C5642-0868-486F-BFD0-98BDC04A3067}.Debug|iPhone.ActiveCfg = Debug|Any CPU
		{DD4C5642-0868-486F-BFD0-98BDC04A3067}.Debug|iPhone.Build.0 = Debug|Any CPU
		{DD4C5642-0868-486F-BFD0-98BDC04A3067}.Debug|iPhoneSimulator.ActiveCfg = Debug|Any CPU
		{DD4C5642-0868-486F-BFD0-98BDC04A3067}.Debug|iPhoneSimulator.Build.0 = Debug|Any CPU
		{DD4C5642-0868-486F-BFD0-98BDC04A3067}.Release|Any CPU.ActiveCfg = Release|Any CPU
		{DD4C5642-0868-486F-BFD0-98BDC04A3067}.Release|Any CPU.Build.0 = Release|Any CPU
		{DD4C5642-0868-486F-BFD0-98BDC04A3067}.Release|iPhone.ActiveCfg = Release|Any CPU
		{DD4C5642-0868-486F-BFD0-98BDC04A3067}.Release|iPhone.Build.0 = Release|Any CPU
		{DD4C5642-0868-486F-BFD0-98BDC04A3067}.Release|iPhoneSimulator.ActiveCfg = Release|Any CPU
		{DD4C5642-0868-486F-BFD0-98BDC04A3067}.Release|iPhoneSimulator.Build.0 = Release|Any CPU
		{3FAB8906-E295-47C5-9568-55A5F845E0EF}.Debug|Any CPU.ActiveCfg = Debug|Any CPU
		{3FAB8906-E295-47C5-9568-55A5F845E0EF}.Debug|Any CPU.Build.0 = Debug|Any CPU
		{3FAB8906-E295-47C5-9568-55A5F845E0EF}.Debug|iPhone.ActiveCfg = Debug|Any CPU
		{3FAB8906-E295-47C5-9568-55A5F845E0EF}.Debug|iPhone.Build.0 = Debug|Any CPU
		{3FAB8906-E295-47C5-9568-55A5F845E0EF}.Debug|iPhoneSimulator.ActiveCfg = Debug|Any CPU
		{3FAB8906-E295-47C5-9568-55A5F845E0EF}.Debug|iPhoneSimulator.Build.0 = Debug|Any CPU
		{3FAB8906-E295-47C5-9568-55A5F845E0EF}.Release|Any CPU.ActiveCfg = Release|Any CPU
		{3FAB8906-E295-47C5-9568-55A5F845E0EF}.Release|Any CPU.Build.0 = Release|Any CPU
		{3FAB8906-E295-47C5-9568-55A5F845E0EF}.Release|iPhone.ActiveCfg = Release|Any CPU
		{3FAB8906-E295-47C5-9568-55A5F845E0EF}.Release|iPhone.Build.0 = Release|Any CPU
		{3FAB8906-E295-47C5-9568-55A5F845E0EF}.Release|iPhoneSimulator.ActiveCfg = Release|Any CPU
		{3FAB8906-E295-47C5-9568-55A5F845E0EF}.Release|iPhoneSimulator.Build.0 = Release|Any CPU
		{A28D6696-6AF8-4F63-955C-89089905EA5F}.Debug|Any CPU.ActiveCfg = Debug|Any CPU
		{A28D6696-6AF8-4F63-955C-89089905EA5F}.Debug|Any CPU.Build.0 = Debug|Any CPU
		{A28D6696-6AF8-4F63-955C-89089905EA5F}.Debug|iPhone.ActiveCfg = Debug|Any CPU
		{A28D6696-6AF8-4F63-955C-89089905EA5F}.Debug|iPhone.Build.0 = Debug|Any CPU
		{A28D6696-6AF8-4F63-955C-89089905EA5F}.Debug|iPhoneSimulator.ActiveCfg = Debug|Any CPU
		{A28D6696-6AF8-4F63-955C-89089905EA5F}.Debug|iPhoneSimulator.Build.0 = Debug|Any CPU
		{A28D6696-6AF8-4F63-955C-89089905EA5F}.Release|Any CPU.ActiveCfg = Release|Any CPU
		{A28D6696-6AF8-4F63-955C-89089905EA5F}.Release|Any CPU.Build.0 = Release|Any CPU
		{A28D6696-6AF8-4F63-955C-89089905EA5F}.Release|iPhone.ActiveCfg = Release|Any CPU
		{A28D6696-6AF8-4F63-955C-89089905EA5F}.Release|iPhone.Build.0 = Release|Any CPU
		{A28D6696-6AF8-4F63-955C-89089905EA5F}.Release|iPhoneSimulator.ActiveCfg = Release|Any CPU
		{A28D6696-6AF8-4F63-955C-89089905EA5F}.Release|iPhoneSimulator.Build.0 = Release|Any CPU
		{0764EDA4-68E5-49BD-9F9A-F15A022D2579}.Debug|Any CPU.ActiveCfg = Debug|Any CPU
		{0764EDA4-68E5-49BD-9F9A-F15A022D2579}.Debug|Any CPU.Build.0 = Debug|Any CPU
		{0764EDA4-68E5-49BD-9F9A-F15A022D2579}.Debug|iPhone.ActiveCfg = Debug|Any CPU
		{0764EDA4-68E5-49BD-9F9A-F15A022D2579}.Debug|iPhone.Build.0 = Debug|Any CPU
		{0764EDA4-68E5-49BD-9F9A-F15A022D2579}.Debug|iPhoneSimulator.ActiveCfg = Debug|Any CPU
		{0764EDA4-68E5-49BD-9F9A-F15A022D2579}.Debug|iPhoneSimulator.Build.0 = Debug|Any CPU
		{0764EDA4-68E5-49BD-9F9A-F15A022D2579}.Release|Any CPU.ActiveCfg = Release|Any CPU
		{0764EDA4-68E5-49BD-9F9A-F15A022D2579}.Release|iPhone.ActiveCfg = Release|Any CPU
		{0764EDA4-68E5-49BD-9F9A-F15A022D2579}.Release|iPhone.Build.0 = Release|Any CPU
		{0764EDA4-68E5-49BD-9F9A-F15A022D2579}.Release|iPhoneSimulator.ActiveCfg = Release|Any CPU
		{0764EDA4-68E5-49BD-9F9A-F15A022D2579}.Release|iPhoneSimulator.Build.0 = Release|Any CPU
		{3DDF2DFF-288A-428B-A741-FCA0AE1CBC1A}.Debug|Any CPU.ActiveCfg = Debug|Any CPU
		{3DDF2DFF-288A-428B-A741-FCA0AE1CBC1A}.Debug|Any CPU.Build.0 = Debug|Any CPU
		{3DDF2DFF-288A-428B-A741-FCA0AE1CBC1A}.Debug|iPhone.ActiveCfg = Debug|Any CPU
		{3DDF2DFF-288A-428B-A741-FCA0AE1CBC1A}.Debug|iPhone.Build.0 = Debug|Any CPU
		{3DDF2DFF-288A-428B-A741-FCA0AE1CBC1A}.Debug|iPhoneSimulator.ActiveCfg = Debug|Any CPU
		{3DDF2DFF-288A-428B-A741-FCA0AE1CBC1A}.Debug|iPhoneSimulator.Build.0 = Debug|Any CPU
		{3DDF2DFF-288A-428B-A741-FCA0AE1CBC1A}.Release|Any CPU.ActiveCfg = Release|Any CPU
		{3DDF2DFF-288A-428B-A741-FCA0AE1CBC1A}.Release|Any CPU.Build.0 = Release|Any CPU
		{3DDF2DFF-288A-428B-A741-FCA0AE1CBC1A}.Release|iPhone.ActiveCfg = Release|Any CPU
		{3DDF2DFF-288A-428B-A741-FCA0AE1CBC1A}.Release|iPhone.Build.0 = Release|Any CPU
		{3DDF2DFF-288A-428B-A741-FCA0AE1CBC1A}.Release|iPhoneSimulator.ActiveCfg = Release|Any CPU
		{3DDF2DFF-288A-428B-A741-FCA0AE1CBC1A}.Release|iPhoneSimulator.Build.0 = Release|Any CPU
		{3B31051E-0CB8-4808-BB84-26F89B0536AE}.Debug|Any CPU.ActiveCfg = Debug|Any CPU
		{3B31051E-0CB8-4808-BB84-26F89B0536AE}.Debug|Any CPU.Build.0 = Debug|Any CPU
		{3B31051E-0CB8-4808-BB84-26F89B0536AE}.Debug|iPhone.ActiveCfg = Debug|Any CPU
		{3B31051E-0CB8-4808-BB84-26F89B0536AE}.Debug|iPhone.Build.0 = Debug|Any CPU
		{3B31051E-0CB8-4808-BB84-26F89B0536AE}.Debug|iPhoneSimulator.ActiveCfg = Debug|Any CPU
		{3B31051E-0CB8-4808-BB84-26F89B0536AE}.Debug|iPhoneSimulator.Build.0 = Debug|Any CPU
		{3B31051E-0CB8-4808-BB84-26F89B0536AE}.Release|Any CPU.ActiveCfg = Release|Any CPU
		{3B31051E-0CB8-4808-BB84-26F89B0536AE}.Release|Any CPU.Build.0 = Release|Any CPU
		{3B31051E-0CB8-4808-BB84-26F89B0536AE}.Release|iPhone.ActiveCfg = Release|Any CPU
		{3B31051E-0CB8-4808-BB84-26F89B0536AE}.Release|iPhone.Build.0 = Release|Any CPU
		{3B31051E-0CB8-4808-BB84-26F89B0536AE}.Release|iPhoneSimulator.ActiveCfg = Release|Any CPU
		{3B31051E-0CB8-4808-BB84-26F89B0536AE}.Release|iPhoneSimulator.Build.0 = Release|Any CPU
		{A00B7430-2F61-447B-AC84-E156CD4E9349}.Debug|Any CPU.ActiveCfg = Debug|Any CPU
		{A00B7430-2F61-447B-AC84-E156CD4E9349}.Debug|Any CPU.Build.0 = Debug|Any CPU
		{A00B7430-2F61-447B-AC84-E156CD4E9349}.Debug|iPhone.ActiveCfg = Debug|Any CPU
		{A00B7430-2F61-447B-AC84-E156CD4E9349}.Debug|iPhone.Build.0 = Debug|Any CPU
		{A00B7430-2F61-447B-AC84-E156CD4E9349}.Debug|iPhoneSimulator.ActiveCfg = Debug|Any CPU
		{A00B7430-2F61-447B-AC84-E156CD4E9349}.Debug|iPhoneSimulator.Build.0 = Debug|Any CPU
		{A00B7430-2F61-447B-AC84-E156CD4E9349}.Release|Any CPU.ActiveCfg = Release|Any CPU
		{A00B7430-2F61-447B-AC84-E156CD4E9349}.Release|Any CPU.Build.0 = Release|Any CPU
		{A00B7430-2F61-447B-AC84-E156CD4E9349}.Release|iPhone.ActiveCfg = Release|Any CPU
		{A00B7430-2F61-447B-AC84-E156CD4E9349}.Release|iPhone.Build.0 = Release|Any CPU
		{A00B7430-2F61-447B-AC84-E156CD4E9349}.Release|iPhoneSimulator.ActiveCfg = Release|Any CPU
		{A00B7430-2F61-447B-AC84-E156CD4E9349}.Release|iPhoneSimulator.Build.0 = Release|Any CPU
		{07DD012F-B22B-40CF-965F-6E11DAB8E25D}.Debug|Any CPU.ActiveCfg = Debug|Any CPU
		{07DD012F-B22B-40CF-965F-6E11DAB8E25D}.Debug|Any CPU.Build.0 = Debug|Any CPU
		{07DD012F-B22B-40CF-965F-6E11DAB8E25D}.Debug|iPhone.ActiveCfg = Debug|Any CPU
		{07DD012F-B22B-40CF-965F-6E11DAB8E25D}.Debug|iPhone.Build.0 = Debug|Any CPU
		{07DD012F-B22B-40CF-965F-6E11DAB8E25D}.Debug|iPhoneSimulator.ActiveCfg = Debug|Any CPU
		{07DD012F-B22B-40CF-965F-6E11DAB8E25D}.Debug|iPhoneSimulator.Build.0 = Debug|Any CPU
		{07DD012F-B22B-40CF-965F-6E11DAB8E25D}.Release|Any CPU.ActiveCfg = Release|Any CPU
		{07DD012F-B22B-40CF-965F-6E11DAB8E25D}.Release|Any CPU.Build.0 = Release|Any CPU
		{07DD012F-B22B-40CF-965F-6E11DAB8E25D}.Release|iPhone.ActiveCfg = Release|Any CPU
		{07DD012F-B22B-40CF-965F-6E11DAB8E25D}.Release|iPhone.Build.0 = Release|Any CPU
		{07DD012F-B22B-40CF-965F-6E11DAB8E25D}.Release|iPhoneSimulator.ActiveCfg = Release|Any CPU
		{07DD012F-B22B-40CF-965F-6E11DAB8E25D}.Release|iPhoneSimulator.Build.0 = Release|Any CPU
		{5CF698E7-185A-4AA2-AB78-99175B690C1C}.Debug|Any CPU.ActiveCfg = Debug|Any CPU
		{5CF698E7-185A-4AA2-AB78-99175B690C1C}.Debug|Any CPU.Build.0 = Debug|Any CPU
		{5CF698E7-185A-4AA2-AB78-99175B690C1C}.Debug|iPhone.ActiveCfg = Debug|Any CPU
		{5CF698E7-185A-4AA2-AB78-99175B690C1C}.Debug|iPhone.Build.0 = Debug|Any CPU
		{5CF698E7-185A-4AA2-AB78-99175B690C1C}.Debug|iPhoneSimulator.ActiveCfg = Debug|Any CPU
		{5CF698E7-185A-4AA2-AB78-99175B690C1C}.Debug|iPhoneSimulator.Build.0 = Debug|Any CPU
		{5CF698E7-185A-4AA2-AB78-99175B690C1C}.Release|Any CPU.ActiveCfg = Release|Any CPU
		{5CF698E7-185A-4AA2-AB78-99175B690C1C}.Release|Any CPU.Build.0 = Release|Any CPU
		{5CF698E7-185A-4AA2-AB78-99175B690C1C}.Release|iPhone.ActiveCfg = Release|Any CPU
		{5CF698E7-185A-4AA2-AB78-99175B690C1C}.Release|iPhone.Build.0 = Release|Any CPU
		{5CF698E7-185A-4AA2-AB78-99175B690C1C}.Release|iPhoneSimulator.ActiveCfg = Release|Any CPU
		{5CF698E7-185A-4AA2-AB78-99175B690C1C}.Release|iPhoneSimulator.Build.0 = Release|Any CPU
		{D3419869-47AD-45A3-8E6B-EEB292F3B26B}.Debug|Any CPU.ActiveCfg = Debug|Any CPU
		{D3419869-47AD-45A3-8E6B-EEB292F3B26B}.Debug|Any CPU.Build.0 = Debug|Any CPU
		{D3419869-47AD-45A3-8E6B-EEB292F3B26B}.Debug|iPhone.ActiveCfg = Debug|Any CPU
		{D3419869-47AD-45A3-8E6B-EEB292F3B26B}.Debug|iPhone.Build.0 = Debug|Any CPU
		{D3419869-47AD-45A3-8E6B-EEB292F3B26B}.Debug|iPhoneSimulator.ActiveCfg = Debug|Any CPU
		{D3419869-47AD-45A3-8E6B-EEB292F3B26B}.Debug|iPhoneSimulator.Build.0 = Debug|Any CPU
		{D3419869-47AD-45A3-8E6B-EEB292F3B26B}.Release|Any CPU.ActiveCfg = Release|Any CPU
		{D3419869-47AD-45A3-8E6B-EEB292F3B26B}.Release|Any CPU.Build.0 = Release|Any CPU
		{D3419869-47AD-45A3-8E6B-EEB292F3B26B}.Release|iPhone.ActiveCfg = Release|Any CPU
		{D3419869-47AD-45A3-8E6B-EEB292F3B26B}.Release|iPhone.Build.0 = Release|Any CPU
		{D3419869-47AD-45A3-8E6B-EEB292F3B26B}.Release|iPhoneSimulator.ActiveCfg = Release|Any CPU
		{D3419869-47AD-45A3-8E6B-EEB292F3B26B}.Release|iPhoneSimulator.Build.0 = Release|Any CPU
		{2A67C324-7873-409E-859B-F02D7C718D65}.Debug|Any CPU.ActiveCfg = Debug|Any CPU
		{2A67C324-7873-409E-859B-F02D7C718D65}.Debug|Any CPU.Build.0 = Debug|Any CPU
		{2A67C324-7873-409E-859B-F02D7C718D65}.Debug|iPhone.ActiveCfg = Debug|Any CPU
		{2A67C324-7873-409E-859B-F02D7C718D65}.Debug|iPhone.Build.0 = Debug|Any CPU
		{2A67C324-7873-409E-859B-F02D7C718D65}.Debug|iPhoneSimulator.ActiveCfg = Debug|Any CPU
		{2A67C324-7873-409E-859B-F02D7C718D65}.Debug|iPhoneSimulator.Build.0 = Debug|Any CPU
		{2A67C324-7873-409E-859B-F02D7C718D65}.Release|Any CPU.ActiveCfg = Release|Any CPU
		{2A67C324-7873-409E-859B-F02D7C718D65}.Release|Any CPU.Build.0 = Release|Any CPU
		{2A67C324-7873-409E-859B-F02D7C718D65}.Release|iPhone.ActiveCfg = Release|Any CPU
		{2A67C324-7873-409E-859B-F02D7C718D65}.Release|iPhone.Build.0 = Release|Any CPU
		{2A67C324-7873-409E-859B-F02D7C718D65}.Release|iPhoneSimulator.ActiveCfg = Release|Any CPU
		{2A67C324-7873-409E-859B-F02D7C718D65}.Release|iPhoneSimulator.Build.0 = Release|Any CPU
		{C68DF03A-AE24-4553-AA66-072728191784}.Debug|Any CPU.ActiveCfg = Debug|Any CPU
		{C68DF03A-AE24-4553-AA66-072728191784}.Debug|Any CPU.Build.0 = Debug|Any CPU
		{C68DF03A-AE24-4553-AA66-072728191784}.Debug|iPhone.ActiveCfg = Debug|Any CPU
		{C68DF03A-AE24-4553-AA66-072728191784}.Debug|iPhone.Build.0 = Debug|Any CPU
		{C68DF03A-AE24-4553-AA66-072728191784}.Debug|iPhoneSimulator.ActiveCfg = Debug|Any CPU
		{C68DF03A-AE24-4553-AA66-072728191784}.Debug|iPhoneSimulator.Build.0 = Debug|Any CPU
		{C68DF03A-AE24-4553-AA66-072728191784}.Release|Any CPU.ActiveCfg = Release|Any CPU
		{C68DF03A-AE24-4553-AA66-072728191784}.Release|Any CPU.Build.0 = Release|Any CPU
		{C68DF03A-AE24-4553-AA66-072728191784}.Release|iPhone.ActiveCfg = Release|Any CPU
		{C68DF03A-AE24-4553-AA66-072728191784}.Release|iPhone.Build.0 = Release|Any CPU
		{C68DF03A-AE24-4553-AA66-072728191784}.Release|iPhoneSimulator.ActiveCfg = Release|Any CPU
		{C68DF03A-AE24-4553-AA66-072728191784}.Release|iPhoneSimulator.Build.0 = Release|Any CPU
		{26F0EB17-A2AF-4C8E-A29E-338BE76068B1}.Debug|Any CPU.ActiveCfg = Debug|Any CPU
		{26F0EB17-A2AF-4C8E-A29E-338BE76068B1}.Debug|Any CPU.Build.0 = Debug|Any CPU
		{26F0EB17-A2AF-4C8E-A29E-338BE76068B1}.Debug|iPhone.ActiveCfg = Debug|Any CPU
		{26F0EB17-A2AF-4C8E-A29E-338BE76068B1}.Debug|iPhone.Build.0 = Debug|Any CPU
		{26F0EB17-A2AF-4C8E-A29E-338BE76068B1}.Debug|iPhoneSimulator.ActiveCfg = Debug|Any CPU
		{26F0EB17-A2AF-4C8E-A29E-338BE76068B1}.Debug|iPhoneSimulator.Build.0 = Debug|Any CPU
		{26F0EB17-A2AF-4C8E-A29E-338BE76068B1}.Release|Any CPU.ActiveCfg = Release|Any CPU
		{26F0EB17-A2AF-4C8E-A29E-338BE76068B1}.Release|Any CPU.Build.0 = Release|Any CPU
		{26F0EB17-A2AF-4C8E-A29E-338BE76068B1}.Release|iPhone.ActiveCfg = Release|Any CPU
		{26F0EB17-A2AF-4C8E-A29E-338BE76068B1}.Release|iPhone.Build.0 = Release|Any CPU
		{26F0EB17-A2AF-4C8E-A29E-338BE76068B1}.Release|iPhoneSimulator.ActiveCfg = Release|Any CPU
		{26F0EB17-A2AF-4C8E-A29E-338BE76068B1}.Release|iPhoneSimulator.Build.0 = Release|Any CPU
		{D2BCCEFD-CFE2-4711-A2B2-64918161E7D0}.Debug|Any CPU.ActiveCfg = Debug|Any CPU
		{D2BCCEFD-CFE2-4711-A2B2-64918161E7D0}.Debug|Any CPU.Build.0 = Debug|Any CPU
		{D2BCCEFD-CFE2-4711-A2B2-64918161E7D0}.Debug|iPhone.ActiveCfg = Debug|Any CPU
		{D2BCCEFD-CFE2-4711-A2B2-64918161E7D0}.Debug|iPhone.Build.0 = Debug|Any CPU
		{D2BCCEFD-CFE2-4711-A2B2-64918161E7D0}.Debug|iPhoneSimulator.ActiveCfg = Debug|Any CPU
		{D2BCCEFD-CFE2-4711-A2B2-64918161E7D0}.Debug|iPhoneSimulator.Build.0 = Debug|Any CPU
		{D2BCCEFD-CFE2-4711-A2B2-64918161E7D0}.Release|Any CPU.ActiveCfg = Release|Any CPU
		{D2BCCEFD-CFE2-4711-A2B2-64918161E7D0}.Release|Any CPU.Build.0 = Release|Any CPU
		{D2BCCEFD-CFE2-4711-A2B2-64918161E7D0}.Release|iPhone.ActiveCfg = Release|Any CPU
		{D2BCCEFD-CFE2-4711-A2B2-64918161E7D0}.Release|iPhone.Build.0 = Release|Any CPU
		{D2BCCEFD-CFE2-4711-A2B2-64918161E7D0}.Release|iPhoneSimulator.ActiveCfg = Release|Any CPU
		{D2BCCEFD-CFE2-4711-A2B2-64918161E7D0}.Release|iPhoneSimulator.Build.0 = Release|Any CPU
		{2FD9D9D1-AE64-4EC8-AF6E-5CA8B00E87B4}.Debug|Any CPU.ActiveCfg = Debug|Any CPU
		{2FD9D9D1-AE64-4EC8-AF6E-5CA8B00E87B4}.Debug|Any CPU.Build.0 = Debug|Any CPU
		{2FD9D9D1-AE64-4EC8-AF6E-5CA8B00E87B4}.Debug|iPhone.ActiveCfg = Debug|Any CPU
		{2FD9D9D1-AE64-4EC8-AF6E-5CA8B00E87B4}.Debug|iPhone.Build.0 = Debug|Any CPU
		{2FD9D9D1-AE64-4EC8-AF6E-5CA8B00E87B4}.Debug|iPhoneSimulator.ActiveCfg = Debug|Any CPU
		{2FD9D9D1-AE64-4EC8-AF6E-5CA8B00E87B4}.Debug|iPhoneSimulator.Build.0 = Debug|Any CPU
		{2FD9D9D1-AE64-4EC8-AF6E-5CA8B00E87B4}.Release|Any CPU.ActiveCfg = Release|Any CPU
		{2FD9D9D1-AE64-4EC8-AF6E-5CA8B00E87B4}.Release|Any CPU.Build.0 = Release|Any CPU
		{2FD9D9D1-AE64-4EC8-AF6E-5CA8B00E87B4}.Release|iPhone.ActiveCfg = Release|Any CPU
		{2FD9D9D1-AE64-4EC8-AF6E-5CA8B00E87B4}.Release|iPhone.Build.0 = Release|Any CPU
		{2FD9D9D1-AE64-4EC8-AF6E-5CA8B00E87B4}.Release|iPhoneSimulator.ActiveCfg = Release|Any CPU
		{2FD9D9D1-AE64-4EC8-AF6E-5CA8B00E87B4}.Release|iPhoneSimulator.Build.0 = Release|Any CPU
		{7B502E23-D50E-46EE-ACEF-8592E29B2D04}.Debug|Any CPU.ActiveCfg = Debug|Any CPU
		{7B502E23-D50E-46EE-ACEF-8592E29B2D04}.Debug|Any CPU.Build.0 = Debug|Any CPU
		{7B502E23-D50E-46EE-ACEF-8592E29B2D04}.Debug|Any CPU.Deploy.0 = Debug|Any CPU
		{7B502E23-D50E-46EE-ACEF-8592E29B2D04}.Debug|iPhone.ActiveCfg = Debug|Any CPU
		{7B502E23-D50E-46EE-ACEF-8592E29B2D04}.Debug|iPhone.Build.0 = Debug|Any CPU
		{7B502E23-D50E-46EE-ACEF-8592E29B2D04}.Debug|iPhone.Deploy.0 = Debug|Any CPU
		{7B502E23-D50E-46EE-ACEF-8592E29B2D04}.Debug|iPhoneSimulator.ActiveCfg = Debug|Any CPU
		{7B502E23-D50E-46EE-ACEF-8592E29B2D04}.Debug|iPhoneSimulator.Build.0 = Debug|Any CPU
		{7B502E23-D50E-46EE-ACEF-8592E29B2D04}.Debug|iPhoneSimulator.Deploy.0 = Debug|Any CPU
		{7B502E23-D50E-46EE-ACEF-8592E29B2D04}.Release|Any CPU.ActiveCfg = Release|Any CPU
		{7B502E23-D50E-46EE-ACEF-8592E29B2D04}.Release|Any CPU.Build.0 = Release|Any CPU
		{7B502E23-D50E-46EE-ACEF-8592E29B2D04}.Release|Any CPU.Deploy.0 = Release|Any CPU
		{7B502E23-D50E-46EE-ACEF-8592E29B2D04}.Release|iPhone.ActiveCfg = Release|Any CPU
		{7B502E23-D50E-46EE-ACEF-8592E29B2D04}.Release|iPhone.Build.0 = Release|Any CPU
		{7B502E23-D50E-46EE-ACEF-8592E29B2D04}.Release|iPhone.Deploy.0 = Release|Any CPU
		{7B502E23-D50E-46EE-ACEF-8592E29B2D04}.Release|iPhoneSimulator.ActiveCfg = Release|Any CPU
		{7B502E23-D50E-46EE-ACEF-8592E29B2D04}.Release|iPhoneSimulator.Build.0 = Release|Any CPU
		{7B502E23-D50E-46EE-ACEF-8592E29B2D04}.Release|iPhoneSimulator.Deploy.0 = Release|Any CPU
		{9D863652-BE16-4B15-90F6-81B228224A10}.Debug|Any CPU.ActiveCfg = Debug|iPhoneSimulator
		{9D863652-BE16-4B15-90F6-81B228224A10}.Debug|Any CPU.Build.0 = Debug|iPhoneSimulator
		{9D863652-BE16-4B15-90F6-81B228224A10}.Debug|iPhone.ActiveCfg = Debug|iPhone
		{9D863652-BE16-4B15-90F6-81B228224A10}.Debug|iPhone.Build.0 = Debug|iPhone
		{9D863652-BE16-4B15-90F6-81B228224A10}.Debug|iPhoneSimulator.ActiveCfg = Debug|iPhoneSimulator
		{9D863652-BE16-4B15-90F6-81B228224A10}.Debug|iPhoneSimulator.Build.0 = Debug|iPhoneSimulator
		{9D863652-BE16-4B15-90F6-81B228224A10}.Release|Any CPU.ActiveCfg = Release|iPhoneSimulator
		{9D863652-BE16-4B15-90F6-81B228224A10}.Release|Any CPU.Build.0 = Release|iPhoneSimulator
		{9D863652-BE16-4B15-90F6-81B228224A10}.Release|iPhone.ActiveCfg = Release|iPhone
		{9D863652-BE16-4B15-90F6-81B228224A10}.Release|iPhone.Build.0 = Release|iPhone
		{9D863652-BE16-4B15-90F6-81B228224A10}.Release|iPhoneSimulator.ActiveCfg = Release|iPhoneSimulator
		{9D863652-BE16-4B15-90F6-81B228224A10}.Release|iPhoneSimulator.Build.0 = Release|iPhoneSimulator
		{AA213E33-FC83-4D45-B483-B30041CBCB54}.Debug|Any CPU.ActiveCfg = Debug|Any CPU
		{AA213E33-FC83-4D45-B483-B30041CBCB54}.Debug|Any CPU.Build.0 = Debug|Any CPU
		{AA213E33-FC83-4D45-B483-B30041CBCB54}.Debug|iPhone.ActiveCfg = Debug|Any CPU
		{AA213E33-FC83-4D45-B483-B30041CBCB54}.Debug|iPhone.Build.0 = Debug|Any CPU
		{AA213E33-FC83-4D45-B483-B30041CBCB54}.Debug|iPhoneSimulator.ActiveCfg = Debug|Any CPU
		{AA213E33-FC83-4D45-B483-B30041CBCB54}.Debug|iPhoneSimulator.Build.0 = Debug|Any CPU
		{AA213E33-FC83-4D45-B483-B30041CBCB54}.Release|Any CPU.ActiveCfg = Release|Any CPU
		{AA213E33-FC83-4D45-B483-B30041CBCB54}.Release|Any CPU.Build.0 = Release|Any CPU
		{AA213E33-FC83-4D45-B483-B30041CBCB54}.Release|iPhone.ActiveCfg = Release|Any CPU
		{AA213E33-FC83-4D45-B483-B30041CBCB54}.Release|iPhone.Build.0 = Release|Any CPU
		{AA213E33-FC83-4D45-B483-B30041CBCB54}.Release|iPhoneSimulator.ActiveCfg = Release|Any CPU
		{AA213E33-FC83-4D45-B483-B30041CBCB54}.Release|iPhoneSimulator.Build.0 = Release|Any CPU
		{E8BC905A-0CE1-4CA9-93CB-D4445706B741}.Debug|Any CPU.ActiveCfg = Debug|Any CPU
		{E8BC905A-0CE1-4CA9-93CB-D4445706B741}.Debug|Any CPU.Build.0 = Debug|Any CPU
		{E8BC905A-0CE1-4CA9-93CB-D4445706B741}.Debug|iPhone.ActiveCfg = Debug|Any CPU
		{E8BC905A-0CE1-4CA9-93CB-D4445706B741}.Debug|iPhone.Build.0 = Debug|Any CPU
		{E8BC905A-0CE1-4CA9-93CB-D4445706B741}.Debug|iPhoneSimulator.ActiveCfg = Debug|Any CPU
		{E8BC905A-0CE1-4CA9-93CB-D4445706B741}.Debug|iPhoneSimulator.Build.0 = Debug|Any CPU
		{E8BC905A-0CE1-4CA9-93CB-D4445706B741}.Release|Any CPU.ActiveCfg = Release|Any CPU
		{E8BC905A-0CE1-4CA9-93CB-D4445706B741}.Release|Any CPU.Build.0 = Release|Any CPU
		{E8BC905A-0CE1-4CA9-93CB-D4445706B741}.Release|iPhone.ActiveCfg = Release|Any CPU
		{E8BC905A-0CE1-4CA9-93CB-D4445706B741}.Release|iPhone.Build.0 = Release|Any CPU
		{E8BC905A-0CE1-4CA9-93CB-D4445706B741}.Release|iPhoneSimulator.ActiveCfg = Release|Any CPU
		{E8BC905A-0CE1-4CA9-93CB-D4445706B741}.Release|iPhoneSimulator.Build.0 = Release|Any CPU
		{1F9C145E-AF4A-4D35-9822-9A01C9265A73}.Debug|Any CPU.ActiveCfg = Debug|Any CPU
		{1F9C145E-AF4A-4D35-9822-9A01C9265A73}.Debug|Any CPU.Build.0 = Debug|Any CPU
		{1F9C145E-AF4A-4D35-9822-9A01C9265A73}.Debug|iPhone.ActiveCfg = Debug|Any CPU
		{1F9C145E-AF4A-4D35-9822-9A01C9265A73}.Debug|iPhone.Build.0 = Debug|Any CPU
		{1F9C145E-AF4A-4D35-9822-9A01C9265A73}.Debug|iPhoneSimulator.ActiveCfg = Debug|Any CPU
		{1F9C145E-AF4A-4D35-9822-9A01C9265A73}.Debug|iPhoneSimulator.Build.0 = Debug|Any CPU
		{1F9C145E-AF4A-4D35-9822-9A01C9265A73}.Release|Any CPU.ActiveCfg = Release|Any CPU
		{1F9C145E-AF4A-4D35-9822-9A01C9265A73}.Release|Any CPU.Build.0 = Release|Any CPU
		{1F9C145E-AF4A-4D35-9822-9A01C9265A73}.Release|iPhone.ActiveCfg = Release|Any CPU
		{1F9C145E-AF4A-4D35-9822-9A01C9265A73}.Release|iPhone.Build.0 = Release|Any CPU
		{1F9C145E-AF4A-4D35-9822-9A01C9265A73}.Release|iPhoneSimulator.ActiveCfg = Release|Any CPU
		{1F9C145E-AF4A-4D35-9822-9A01C9265A73}.Release|iPhoneSimulator.Build.0 = Release|Any CPU
	EndGlobalSection
	GlobalSection(SolutionProperties) = preSolution
		HideSolutionNode = FALSE
	EndGlobalSection
	GlobalSection(NestedProjects) = preSolution
		{2FD9D9D1-AE64-4EC8-AF6E-5CA8B00E87B4} = {6B6D59C6-5752-46EA-8FAE-FAACFD2A1790}
		{7B502E23-D50E-46EE-ACEF-8592E29B2D04} = {6B6D59C6-5752-46EA-8FAE-FAACFD2A1790}
		{9D863652-BE16-4B15-90F6-81B228224A10} = {6B6D59C6-5752-46EA-8FAE-FAACFD2A1790}
		{AA213E33-FC83-4D45-B483-B30041CBCB54} = {6B6D59C6-5752-46EA-8FAE-FAACFD2A1790}
	EndGlobalSection
	GlobalSection(ExtensibilityGlobals) = postSolution
		SolutionGuid = {C7E5B865-2D0F-4149-8CA9-F5410A4D055D}
	EndGlobalSection
EndGlobal
