
Microsoft Visual Studio Solution File, Format Version 12.00
# Visual Studio Version 17
VisualStudioVersion = 17.0.32126.317
MinimumVisualStudioVersion = 10.0.40219.1
Project("{9A19103F-16F7-4668-BE54-9A1E7A4F7556}") = "AppLogger.Experiments", "AppLogger.Experiments\AppLogger.Experiments.csproj", "{3FAB8906-E295-47C5-9568-55A5F845E0EF}"
EndProject
Project("{9A19103F-16F7-4668-BE54-9A1E7A4F7556}") = "Jakar.AppLogger.Client", "Jakar.AppLogger.Client\Jakar.AppLogger.Client.csproj", "{D25E8D3D-67BC-481C-8642-1A52A09C71CF}"
EndProject
Project("{9A19103F-16F7-4668-BE54-9A1E7A4F7556}") = "Jakar.AppLogger.Common", "Jakar.AppLogger.Common\Jakar.AppLogger.Common.csproj", "{E729E4AA-CAB5-4292-B512-B561EA4AED3D}"
EndProject
Project("{9A19103F-16F7-4668-BE54-9A1E7A4F7556}") = "Jakar.AppLogger.Portal", "Jakar.AppLogger.Portal\Jakar.AppLogger.Portal.csproj", "{0E9062A5-459E-48BB-AF0A-8F263F2E3C9E}"
EndProject
Project("{FAE04EC0-301F-11D3-BF4B-00C04F79EFBC}") = "Jakar.AppLogger.Client.AspNetCore", "Jakar.AppLogger.Client.AspNetCore\Jakar.AppLogger.Client.AspNetCore.csproj", "{6E68DB7D-3D06-4E31-92C0-901920CD2DAA}"
EndProject
Project("{2150E333-8FDC-42A3-9474-1A3956D46DE8}") = "Examples", "Examples", "{9112EAE7-2905-431E-AC5B-DC4A3D9F79E9}"
EndProject
Project("{9A19103F-16F7-4668-BE54-9A1E7A4F7556}") = "Console", "Examples\Console\Console.csproj", "{A480829B-64FB-4C78-826B-FCF4ABC0B1EB}"
EndProject
Project("{9A19103F-16F7-4668-BE54-9A1E7A4F7556}") = "MauiBlazorApp", "Examples\MauiBlazorApp\MauiBlazorApp.csproj", "{CD6E1F28-62D7-4522-B148-EA5A1A973B3F}"
EndProject
Project("{9A19103F-16F7-4668-BE54-9A1E7A4F7556}") = "BlazorServerApp", "Examples\BlazorServerApp\BlazorServerApp.csproj", "{87D89C4E-DDDA-4879-9EBE-391C24646335}"
EndProject
Project("{9A19103F-16F7-4668-BE54-9A1E7A4F7556}") = "WebApi", "Examples\WebApi\WebApi.csproj", "{87AEA4DE-0CA1-43F8-ADAA-65655F4DCEFA}"
EndProject
Project("{9A19103F-16F7-4668-BE54-9A1E7A4F7556}") = "MauiAppExample", "Examples\MauiAppExample\MauiAppExample.csproj", "{04486A2D-3CF3-4D46-AA93-3883D0D461AF}"
EndProject
Project("{9A19103F-16F7-4668-BE54-9A1E7A4F7556}") = "Wpf", "Examples\Wpf\Wpf.csproj", "{3D8F04A6-666B-4E36-93BD-F6F6635DA01B}"
EndProject
Project("{9A19103F-16F7-4668-BE54-9A1E7A4F7556}") = "WinForms", "Examples\WinForms\WinForms.csproj", "{9CC22C6E-34AD-4E9E-8F74-6D387C95B24B}"
EndProject
Project("{FAE04EC0-301F-11D3-BF4B-00C04F79EFBC}") = "XamarinForms.Android", "Examples\XamarinForms\XamarinForms.Android\XamarinForms.Android.csproj", "{57DCA8D7-B9D4-4C98-B54F-609D18ED5871}"
EndProject
Project("{FAE04EC0-301F-11D3-BF4B-00C04F79EFBC}") = "XamarinForms.iOS", "Examples\XamarinForms\XamarinForms.iOS\XamarinForms.iOS.csproj", "{0B8F1EBE-8128-4584-9CA6-E4D7D6CB5C49}"
EndProject
Project("{9A19103F-16F7-4668-BE54-9A1E7A4F7556}") = "XamarinForms", "Examples\XamarinForms\XamarinForms\XamarinForms.csproj", "{F1DA0D7C-E4C2-45DD-9F4B-3C98F42EDB56}"
EndProject
Project("{9A19103F-16F7-4668-BE54-9A1E7A4F7556}") = "BlazorWASM", "Examples\BlazorWASM\BlazorWASM.csproj", "{FEF0E90D-C2B7-4886-8C71-A7CDFF7106FE}"
EndProject
Project("{2150E333-8FDC-42A3-9474-1A3956D46DE8}") = "Solution Items", "Solution Items", "{E7967589-C3C7-47A1-97C4-B3C8D2298179}"
	ProjectSection(SolutionItems) = preProject
		.editorconfig = .editorconfig
		watch.ps1 = watch.ps1
	EndProjectSection
EndProject
Project("{2150E333-8FDC-42A3-9474-1A3956D46DE8}") = "Libs", "Libs", "{43639534-750A-4186-B8E9-EA834B608CFC}"
EndProject
Project("{9A19103F-16F7-4668-BE54-9A1E7A4F7556}") = "Jakar.Database", "..\Jakar.Extensions\Jakar.Database\Jakar.Database.csproj", "{4C9873EE-47A9-48A2-975C-844D1DAB9D9C}"
EndProject
Project("{9A19103F-16F7-4668-BE54-9A1E7A4F7556}") = "Jakar.Extensions.Blazor", "..\Jakar.Extensions\Jakar.Extensions.Blazor\Jakar.Extensions.Blazor.csproj", "{543C14F0-6D9B-475A-8C39-FD5B99493557}"
EndProject
Global
	GlobalSection(SolutionConfigurationPlatforms) = preSolution
		Debug|Any CPU = Debug|Any CPU
		Debug|ARM = Debug|ARM
		Debug|iPhone = Debug|iPhone
		Debug|iPhoneSimulator = Debug|iPhoneSimulator
		Debug|x64 = Debug|x64
		Debug|x86 = Debug|x86
		Release|Any CPU = Release|Any CPU
		Release|ARM = Release|ARM
		Release|iPhone = Release|iPhone
		Release|iPhoneSimulator = Release|iPhoneSimulator
		Release|x64 = Release|x64
		Release|x86 = Release|x86
	EndGlobalSection
	GlobalSection(ProjectConfigurationPlatforms) = postSolution
		{3FAB8906-E295-47C5-9568-55A5F845E0EF}.Debug|Any CPU.ActiveCfg = Debug|Any CPU
		{3FAB8906-E295-47C5-9568-55A5F845E0EF}.Debug|Any CPU.Build.0 = Debug|Any CPU
		{3FAB8906-E295-47C5-9568-55A5F845E0EF}.Debug|ARM.ActiveCfg = Debug|Any CPU
		{3FAB8906-E295-47C5-9568-55A5F845E0EF}.Debug|ARM.Build.0 = Debug|Any CPU
		{3FAB8906-E295-47C5-9568-55A5F845E0EF}.Debug|iPhone.ActiveCfg = Debug|Any CPU
		{3FAB8906-E295-47C5-9568-55A5F845E0EF}.Debug|iPhone.Build.0 = Debug|Any CPU
		{3FAB8906-E295-47C5-9568-55A5F845E0EF}.Debug|iPhoneSimulator.ActiveCfg = Debug|Any CPU
		{3FAB8906-E295-47C5-9568-55A5F845E0EF}.Debug|iPhoneSimulator.Build.0 = Debug|Any CPU
		{3FAB8906-E295-47C5-9568-55A5F845E0EF}.Debug|x64.ActiveCfg = Debug|Any CPU
		{3FAB8906-E295-47C5-9568-55A5F845E0EF}.Debug|x64.Build.0 = Debug|Any CPU
		{3FAB8906-E295-47C5-9568-55A5F845E0EF}.Debug|x86.ActiveCfg = Debug|Any CPU
		{3FAB8906-E295-47C5-9568-55A5F845E0EF}.Debug|x86.Build.0 = Debug|Any CPU
		{3FAB8906-E295-47C5-9568-55A5F845E0EF}.Release|Any CPU.ActiveCfg = Release|Any CPU
		{3FAB8906-E295-47C5-9568-55A5F845E0EF}.Release|Any CPU.Build.0 = Release|Any CPU
		{3FAB8906-E295-47C5-9568-55A5F845E0EF}.Release|ARM.ActiveCfg = Release|Any CPU
		{3FAB8906-E295-47C5-9568-55A5F845E0EF}.Release|ARM.Build.0 = Release|Any CPU
		{3FAB8906-E295-47C5-9568-55A5F845E0EF}.Release|iPhone.ActiveCfg = Release|Any CPU
		{3FAB8906-E295-47C5-9568-55A5F845E0EF}.Release|iPhone.Build.0 = Release|Any CPU
		{3FAB8906-E295-47C5-9568-55A5F845E0EF}.Release|iPhoneSimulator.ActiveCfg = Release|Any CPU
		{3FAB8906-E295-47C5-9568-55A5F845E0EF}.Release|iPhoneSimulator.Build.0 = Release|Any CPU
		{3FAB8906-E295-47C5-9568-55A5F845E0EF}.Release|x64.ActiveCfg = Release|Any CPU
		{3FAB8906-E295-47C5-9568-55A5F845E0EF}.Release|x64.Build.0 = Release|Any CPU
		{3FAB8906-E295-47C5-9568-55A5F845E0EF}.Release|x86.ActiveCfg = Release|Any CPU
		{3FAB8906-E295-47C5-9568-55A5F845E0EF}.Release|x86.Build.0 = Release|Any CPU
		{D25E8D3D-67BC-481C-8642-1A52A09C71CF}.Debug|Any CPU.ActiveCfg = Debug|Any CPU
		{D25E8D3D-67BC-481C-8642-1A52A09C71CF}.Debug|Any CPU.Build.0 = Debug|Any CPU
		{D25E8D3D-67BC-481C-8642-1A52A09C71CF}.Debug|ARM.ActiveCfg = Debug|Any CPU
		{D25E8D3D-67BC-481C-8642-1A52A09C71CF}.Debug|ARM.Build.0 = Debug|Any CPU
		{D25E8D3D-67BC-481C-8642-1A52A09C71CF}.Debug|iPhone.ActiveCfg = Debug|Any CPU
		{D25E8D3D-67BC-481C-8642-1A52A09C71CF}.Debug|iPhone.Build.0 = Debug|Any CPU
		{D25E8D3D-67BC-481C-8642-1A52A09C71CF}.Debug|iPhoneSimulator.ActiveCfg = Debug|Any CPU
		{D25E8D3D-67BC-481C-8642-1A52A09C71CF}.Debug|iPhoneSimulator.Build.0 = Debug|Any CPU
		{D25E8D3D-67BC-481C-8642-1A52A09C71CF}.Debug|x64.ActiveCfg = Debug|Any CPU
		{D25E8D3D-67BC-481C-8642-1A52A09C71CF}.Debug|x64.Build.0 = Debug|Any CPU
		{D25E8D3D-67BC-481C-8642-1A52A09C71CF}.Debug|x86.ActiveCfg = Debug|Any CPU
		{D25E8D3D-67BC-481C-8642-1A52A09C71CF}.Debug|x86.Build.0 = Debug|Any CPU
		{D25E8D3D-67BC-481C-8642-1A52A09C71CF}.Release|Any CPU.ActiveCfg = Release|Any CPU
		{D25E8D3D-67BC-481C-8642-1A52A09C71CF}.Release|Any CPU.Build.0 = Release|Any CPU
		{D25E8D3D-67BC-481C-8642-1A52A09C71CF}.Release|ARM.ActiveCfg = Release|Any CPU
		{D25E8D3D-67BC-481C-8642-1A52A09C71CF}.Release|ARM.Build.0 = Release|Any CPU
		{D25E8D3D-67BC-481C-8642-1A52A09C71CF}.Release|iPhone.ActiveCfg = Release|Any CPU
		{D25E8D3D-67BC-481C-8642-1A52A09C71CF}.Release|iPhone.Build.0 = Release|Any CPU
		{D25E8D3D-67BC-481C-8642-1A52A09C71CF}.Release|iPhoneSimulator.ActiveCfg = Release|Any CPU
		{D25E8D3D-67BC-481C-8642-1A52A09C71CF}.Release|iPhoneSimulator.Build.0 = Release|Any CPU
		{D25E8D3D-67BC-481C-8642-1A52A09C71CF}.Release|x64.ActiveCfg = Release|Any CPU
		{D25E8D3D-67BC-481C-8642-1A52A09C71CF}.Release|x64.Build.0 = Release|Any CPU
		{D25E8D3D-67BC-481C-8642-1A52A09C71CF}.Release|x86.ActiveCfg = Release|Any CPU
		{D25E8D3D-67BC-481C-8642-1A52A09C71CF}.Release|x86.Build.0 = Release|Any CPU
		{E729E4AA-CAB5-4292-B512-B561EA4AED3D}.Debug|Any CPU.ActiveCfg = Debug|Any CPU
		{E729E4AA-CAB5-4292-B512-B561EA4AED3D}.Debug|Any CPU.Build.0 = Debug|Any CPU
		{E729E4AA-CAB5-4292-B512-B561EA4AED3D}.Debug|ARM.ActiveCfg = Debug|Any CPU
		{E729E4AA-CAB5-4292-B512-B561EA4AED3D}.Debug|ARM.Build.0 = Debug|Any CPU
		{E729E4AA-CAB5-4292-B512-B561EA4AED3D}.Debug|iPhone.ActiveCfg = Debug|Any CPU
		{E729E4AA-CAB5-4292-B512-B561EA4AED3D}.Debug|iPhone.Build.0 = Debug|Any CPU
		{E729E4AA-CAB5-4292-B512-B561EA4AED3D}.Debug|iPhoneSimulator.ActiveCfg = Debug|Any CPU
		{E729E4AA-CAB5-4292-B512-B561EA4AED3D}.Debug|iPhoneSimulator.Build.0 = Debug|Any CPU
		{E729E4AA-CAB5-4292-B512-B561EA4AED3D}.Debug|x64.ActiveCfg = Debug|Any CPU
		{E729E4AA-CAB5-4292-B512-B561EA4AED3D}.Debug|x64.Build.0 = Debug|Any CPU
		{E729E4AA-CAB5-4292-B512-B561EA4AED3D}.Debug|x86.ActiveCfg = Debug|Any CPU
		{E729E4AA-CAB5-4292-B512-B561EA4AED3D}.Debug|x86.Build.0 = Debug|Any CPU
		{E729E4AA-CAB5-4292-B512-B561EA4AED3D}.Release|Any CPU.ActiveCfg = Release|Any CPU
		{E729E4AA-CAB5-4292-B512-B561EA4AED3D}.Release|Any CPU.Build.0 = Release|Any CPU
		{E729E4AA-CAB5-4292-B512-B561EA4AED3D}.Release|ARM.ActiveCfg = Release|Any CPU
		{E729E4AA-CAB5-4292-B512-B561EA4AED3D}.Release|ARM.Build.0 = Release|Any CPU
		{E729E4AA-CAB5-4292-B512-B561EA4AED3D}.Release|iPhone.ActiveCfg = Release|Any CPU
		{E729E4AA-CAB5-4292-B512-B561EA4AED3D}.Release|iPhone.Build.0 = Release|Any CPU
		{E729E4AA-CAB5-4292-B512-B561EA4AED3D}.Release|iPhoneSimulator.ActiveCfg = Release|Any CPU
		{E729E4AA-CAB5-4292-B512-B561EA4AED3D}.Release|iPhoneSimulator.Build.0 = Release|Any CPU
		{E729E4AA-CAB5-4292-B512-B561EA4AED3D}.Release|x64.ActiveCfg = Release|Any CPU
		{E729E4AA-CAB5-4292-B512-B561EA4AED3D}.Release|x64.Build.0 = Release|Any CPU
		{E729E4AA-CAB5-4292-B512-B561EA4AED3D}.Release|x86.ActiveCfg = Release|Any CPU
		{E729E4AA-CAB5-4292-B512-B561EA4AED3D}.Release|x86.Build.0 = Release|Any CPU
		{0E9062A5-459E-48BB-AF0A-8F263F2E3C9E}.Debug|Any CPU.ActiveCfg = Debug|Any CPU
		{0E9062A5-459E-48BB-AF0A-8F263F2E3C9E}.Debug|Any CPU.Build.0 = Debug|Any CPU
		{0E9062A5-459E-48BB-AF0A-8F263F2E3C9E}.Debug|ARM.ActiveCfg = Debug|Any CPU
		{0E9062A5-459E-48BB-AF0A-8F263F2E3C9E}.Debug|ARM.Build.0 = Debug|Any CPU
		{0E9062A5-459E-48BB-AF0A-8F263F2E3C9E}.Debug|iPhone.ActiveCfg = Debug|Any CPU
		{0E9062A5-459E-48BB-AF0A-8F263F2E3C9E}.Debug|iPhone.Build.0 = Debug|Any CPU
		{0E9062A5-459E-48BB-AF0A-8F263F2E3C9E}.Debug|iPhoneSimulator.ActiveCfg = Debug|Any CPU
		{0E9062A5-459E-48BB-AF0A-8F263F2E3C9E}.Debug|iPhoneSimulator.Build.0 = Debug|Any CPU
		{0E9062A5-459E-48BB-AF0A-8F263F2E3C9E}.Debug|x64.ActiveCfg = Debug|Any CPU
		{0E9062A5-459E-48BB-AF0A-8F263F2E3C9E}.Debug|x64.Build.0 = Debug|Any CPU
		{0E9062A5-459E-48BB-AF0A-8F263F2E3C9E}.Debug|x86.ActiveCfg = Debug|Any CPU
		{0E9062A5-459E-48BB-AF0A-8F263F2E3C9E}.Debug|x86.Build.0 = Debug|Any CPU
		{0E9062A5-459E-48BB-AF0A-8F263F2E3C9E}.Release|Any CPU.ActiveCfg = Release|Any CPU
		{0E9062A5-459E-48BB-AF0A-8F263F2E3C9E}.Release|Any CPU.Build.0 = Release|Any CPU
		{0E9062A5-459E-48BB-AF0A-8F263F2E3C9E}.Release|ARM.ActiveCfg = Release|Any CPU
		{0E9062A5-459E-48BB-AF0A-8F263F2E3C9E}.Release|ARM.Build.0 = Release|Any CPU
		{0E9062A5-459E-48BB-AF0A-8F263F2E3C9E}.Release|iPhone.ActiveCfg = Release|Any CPU
		{0E9062A5-459E-48BB-AF0A-8F263F2E3C9E}.Release|iPhone.Build.0 = Release|Any CPU
		{0E9062A5-459E-48BB-AF0A-8F263F2E3C9E}.Release|iPhoneSimulator.ActiveCfg = Release|Any CPU
		{0E9062A5-459E-48BB-AF0A-8F263F2E3C9E}.Release|iPhoneSimulator.Build.0 = Release|Any CPU
		{0E9062A5-459E-48BB-AF0A-8F263F2E3C9E}.Release|x64.ActiveCfg = Release|Any CPU
		{0E9062A5-459E-48BB-AF0A-8F263F2E3C9E}.Release|x64.Build.0 = Release|Any CPU
		{0E9062A5-459E-48BB-AF0A-8F263F2E3C9E}.Release|x86.ActiveCfg = Release|Any CPU
		{0E9062A5-459E-48BB-AF0A-8F263F2E3C9E}.Release|x86.Build.0 = Release|Any CPU
		{6E68DB7D-3D06-4E31-92C0-901920CD2DAA}.Debug|Any CPU.ActiveCfg = Debug|Any CPU
		{6E68DB7D-3D06-4E31-92C0-901920CD2DAA}.Debug|Any CPU.Build.0 = Debug|Any CPU
		{6E68DB7D-3D06-4E31-92C0-901920CD2DAA}.Debug|ARM.ActiveCfg = Debug|Any CPU
		{6E68DB7D-3D06-4E31-92C0-901920CD2DAA}.Debug|iPhone.ActiveCfg = Debug|Any CPU
		{6E68DB7D-3D06-4E31-92C0-901920CD2DAA}.Debug|iPhoneSimulator.ActiveCfg = Debug|Any CPU
		{6E68DB7D-3D06-4E31-92C0-901920CD2DAA}.Debug|x64.ActiveCfg = Debug|Any CPU
		{6E68DB7D-3D06-4E31-92C0-901920CD2DAA}.Debug|x86.ActiveCfg = Debug|Any CPU
		{6E68DB7D-3D06-4E31-92C0-901920CD2DAA}.Release|Any CPU.ActiveCfg = Release|Any CPU
		{6E68DB7D-3D06-4E31-92C0-901920CD2DAA}.Release|Any CPU.Build.0 = Release|Any CPU
		{6E68DB7D-3D06-4E31-92C0-901920CD2DAA}.Release|ARM.ActiveCfg = Release|Any CPU
		{6E68DB7D-3D06-4E31-92C0-901920CD2DAA}.Release|iPhone.ActiveCfg = Release|Any CPU
		{6E68DB7D-3D06-4E31-92C0-901920CD2DAA}.Release|iPhoneSimulator.ActiveCfg = Release|Any CPU
		{6E68DB7D-3D06-4E31-92C0-901920CD2DAA}.Release|x64.ActiveCfg = Release|Any CPU
		{6E68DB7D-3D06-4E31-92C0-901920CD2DAA}.Release|x86.ActiveCfg = Release|Any CPU
		{A480829B-64FB-4C78-826B-FCF4ABC0B1EB}.Debug|Any CPU.ActiveCfg = Debug|Any CPU
		{A480829B-64FB-4C78-826B-FCF4ABC0B1EB}.Debug|Any CPU.Build.0 = Debug|Any CPU
		{A480829B-64FB-4C78-826B-FCF4ABC0B1EB}.Debug|ARM.ActiveCfg = Debug|Any CPU
		{A480829B-64FB-4C78-826B-FCF4ABC0B1EB}.Debug|ARM.Build.0 = Debug|Any CPU
		{A480829B-64FB-4C78-826B-FCF4ABC0B1EB}.Debug|iPhone.ActiveCfg = Debug|Any CPU
		{A480829B-64FB-4C78-826B-FCF4ABC0B1EB}.Debug|iPhone.Build.0 = Debug|Any CPU
		{A480829B-64FB-4C78-826B-FCF4ABC0B1EB}.Debug|iPhoneSimulator.ActiveCfg = Debug|Any CPU
		{A480829B-64FB-4C78-826B-FCF4ABC0B1EB}.Debug|iPhoneSimulator.Build.0 = Debug|Any CPU
		{A480829B-64FB-4C78-826B-FCF4ABC0B1EB}.Debug|x64.ActiveCfg = Debug|Any CPU
		{A480829B-64FB-4C78-826B-FCF4ABC0B1EB}.Debug|x64.Build.0 = Debug|Any CPU
		{A480829B-64FB-4C78-826B-FCF4ABC0B1EB}.Debug|x86.ActiveCfg = Debug|Any CPU
		{A480829B-64FB-4C78-826B-FCF4ABC0B1EB}.Debug|x86.Build.0 = Debug|Any CPU
		{A480829B-64FB-4C78-826B-FCF4ABC0B1EB}.Release|Any CPU.ActiveCfg = Release|Any CPU
		{A480829B-64FB-4C78-826B-FCF4ABC0B1EB}.Release|Any CPU.Build.0 = Release|Any CPU
		{A480829B-64FB-4C78-826B-FCF4ABC0B1EB}.Release|ARM.ActiveCfg = Release|Any CPU
		{A480829B-64FB-4C78-826B-FCF4ABC0B1EB}.Release|ARM.Build.0 = Release|Any CPU
		{A480829B-64FB-4C78-826B-FCF4ABC0B1EB}.Release|iPhone.ActiveCfg = Release|Any CPU
		{A480829B-64FB-4C78-826B-FCF4ABC0B1EB}.Release|iPhone.Build.0 = Release|Any CPU
		{A480829B-64FB-4C78-826B-FCF4ABC0B1EB}.Release|iPhoneSimulator.ActiveCfg = Release|Any CPU
		{A480829B-64FB-4C78-826B-FCF4ABC0B1EB}.Release|iPhoneSimulator.Build.0 = Release|Any CPU
		{A480829B-64FB-4C78-826B-FCF4ABC0B1EB}.Release|x64.ActiveCfg = Release|Any CPU
		{A480829B-64FB-4C78-826B-FCF4ABC0B1EB}.Release|x64.Build.0 = Release|Any CPU
		{A480829B-64FB-4C78-826B-FCF4ABC0B1EB}.Release|x86.ActiveCfg = Release|Any CPU
		{A480829B-64FB-4C78-826B-FCF4ABC0B1EB}.Release|x86.Build.0 = Release|Any CPU
		{CD6E1F28-62D7-4522-B148-EA5A1A973B3F}.Debug|Any CPU.ActiveCfg = Debug|Any CPU
		{CD6E1F28-62D7-4522-B148-EA5A1A973B3F}.Debug|Any CPU.Build.0 = Debug|Any CPU
		{CD6E1F28-62D7-4522-B148-EA5A1A973B3F}.Debug|Any CPU.Deploy.0 = Debug|Any CPU
		{CD6E1F28-62D7-4522-B148-EA5A1A973B3F}.Debug|ARM.ActiveCfg = Debug|Any CPU
		{CD6E1F28-62D7-4522-B148-EA5A1A973B3F}.Debug|ARM.Build.0 = Debug|Any CPU
		{CD6E1F28-62D7-4522-B148-EA5A1A973B3F}.Debug|ARM.Deploy.0 = Debug|Any CPU
		{CD6E1F28-62D7-4522-B148-EA5A1A973B3F}.Debug|iPhone.ActiveCfg = Debug|Any CPU
		{CD6E1F28-62D7-4522-B148-EA5A1A973B3F}.Debug|iPhone.Build.0 = Debug|Any CPU
		{CD6E1F28-62D7-4522-B148-EA5A1A973B3F}.Debug|iPhone.Deploy.0 = Debug|Any CPU
		{CD6E1F28-62D7-4522-B148-EA5A1A973B3F}.Debug|iPhoneSimulator.ActiveCfg = Debug|Any CPU
		{CD6E1F28-62D7-4522-B148-EA5A1A973B3F}.Debug|iPhoneSimulator.Build.0 = Debug|Any CPU
		{CD6E1F28-62D7-4522-B148-EA5A1A973B3F}.Debug|iPhoneSimulator.Deploy.0 = Debug|Any CPU
		{CD6E1F28-62D7-4522-B148-EA5A1A973B3F}.Debug|x64.ActiveCfg = Debug|Any CPU
		{CD6E1F28-62D7-4522-B148-EA5A1A973B3F}.Debug|x64.Build.0 = Debug|Any CPU
		{CD6E1F28-62D7-4522-B148-EA5A1A973B3F}.Debug|x64.Deploy.0 = Debug|Any CPU
		{CD6E1F28-62D7-4522-B148-EA5A1A973B3F}.Debug|x86.ActiveCfg = Debug|Any CPU
		{CD6E1F28-62D7-4522-B148-EA5A1A973B3F}.Debug|x86.Build.0 = Debug|Any CPU
		{CD6E1F28-62D7-4522-B148-EA5A1A973B3F}.Debug|x86.Deploy.0 = Debug|Any CPU
		{CD6E1F28-62D7-4522-B148-EA5A1A973B3F}.Release|Any CPU.ActiveCfg = Release|Any CPU
		{CD6E1F28-62D7-4522-B148-EA5A1A973B3F}.Release|Any CPU.Build.0 = Release|Any CPU
		{CD6E1F28-62D7-4522-B148-EA5A1A973B3F}.Release|Any CPU.Deploy.0 = Release|Any CPU
		{CD6E1F28-62D7-4522-B148-EA5A1A973B3F}.Release|ARM.ActiveCfg = Release|Any CPU
		{CD6E1F28-62D7-4522-B148-EA5A1A973B3F}.Release|ARM.Build.0 = Release|Any CPU
		{CD6E1F28-62D7-4522-B148-EA5A1A973B3F}.Release|ARM.Deploy.0 = Release|Any CPU
		{CD6E1F28-62D7-4522-B148-EA5A1A973B3F}.Release|iPhone.ActiveCfg = Release|Any CPU
		{CD6E1F28-62D7-4522-B148-EA5A1A973B3F}.Release|iPhone.Build.0 = Release|Any CPU
		{CD6E1F28-62D7-4522-B148-EA5A1A973B3F}.Release|iPhone.Deploy.0 = Release|Any CPU
		{CD6E1F28-62D7-4522-B148-EA5A1A973B3F}.Release|iPhoneSimulator.ActiveCfg = Release|Any CPU
		{CD6E1F28-62D7-4522-B148-EA5A1A973B3F}.Release|iPhoneSimulator.Build.0 = Release|Any CPU
		{CD6E1F28-62D7-4522-B148-EA5A1A973B3F}.Release|iPhoneSimulator.Deploy.0 = Release|Any CPU
		{CD6E1F28-62D7-4522-B148-EA5A1A973B3F}.Release|x64.ActiveCfg = Release|Any CPU
		{CD6E1F28-62D7-4522-B148-EA5A1A973B3F}.Release|x64.Build.0 = Release|Any CPU
		{CD6E1F28-62D7-4522-B148-EA5A1A973B3F}.Release|x64.Deploy.0 = Release|Any CPU
		{CD6E1F28-62D7-4522-B148-EA5A1A973B3F}.Release|x86.ActiveCfg = Release|Any CPU
		{CD6E1F28-62D7-4522-B148-EA5A1A973B3F}.Release|x86.Build.0 = Release|Any CPU
		{CD6E1F28-62D7-4522-B148-EA5A1A973B3F}.Release|x86.Deploy.0 = Release|Any CPU
		{87D89C4E-DDDA-4879-9EBE-391C24646335}.Debug|Any CPU.ActiveCfg = Debug|Any CPU
		{87D89C4E-DDDA-4879-9EBE-391C24646335}.Debug|Any CPU.Build.0 = Debug|Any CPU
		{87D89C4E-DDDA-4879-9EBE-391C24646335}.Debug|ARM.ActiveCfg = Debug|Any CPU
		{87D89C4E-DDDA-4879-9EBE-391C24646335}.Debug|ARM.Build.0 = Debug|Any CPU
		{87D89C4E-DDDA-4879-9EBE-391C24646335}.Debug|iPhone.ActiveCfg = Debug|Any CPU
		{87D89C4E-DDDA-4879-9EBE-391C24646335}.Debug|iPhone.Build.0 = Debug|Any CPU
		{87D89C4E-DDDA-4879-9EBE-391C24646335}.Debug|iPhoneSimulator.ActiveCfg = Debug|Any CPU
		{87D89C4E-DDDA-4879-9EBE-391C24646335}.Debug|iPhoneSimulator.Build.0 = Debug|Any CPU
		{87D89C4E-DDDA-4879-9EBE-391C24646335}.Debug|x64.ActiveCfg = Debug|Any CPU
		{87D89C4E-DDDA-4879-9EBE-391C24646335}.Debug|x64.Build.0 = Debug|Any CPU
		{87D89C4E-DDDA-4879-9EBE-391C24646335}.Debug|x86.ActiveCfg = Debug|Any CPU
		{87D89C4E-DDDA-4879-9EBE-391C24646335}.Debug|x86.Build.0 = Debug|Any CPU
		{87D89C4E-DDDA-4879-9EBE-391C24646335}.Release|Any CPU.ActiveCfg = Release|Any CPU
		{87D89C4E-DDDA-4879-9EBE-391C24646335}.Release|Any CPU.Build.0 = Release|Any CPU
		{87D89C4E-DDDA-4879-9EBE-391C24646335}.Release|ARM.ActiveCfg = Release|Any CPU
		{87D89C4E-DDDA-4879-9EBE-391C24646335}.Release|ARM.Build.0 = Release|Any CPU
		{87D89C4E-DDDA-4879-9EBE-391C24646335}.Release|iPhone.ActiveCfg = Release|Any CPU
		{87D89C4E-DDDA-4879-9EBE-391C24646335}.Release|iPhone.Build.0 = Release|Any CPU
		{87D89C4E-DDDA-4879-9EBE-391C24646335}.Release|iPhoneSimulator.ActiveCfg = Release|Any CPU
		{87D89C4E-DDDA-4879-9EBE-391C24646335}.Release|iPhoneSimulator.Build.0 = Release|Any CPU
		{87D89C4E-DDDA-4879-9EBE-391C24646335}.Release|x64.ActiveCfg = Release|Any CPU
		{87D89C4E-DDDA-4879-9EBE-391C24646335}.Release|x64.Build.0 = Release|Any CPU
		{87D89C4E-DDDA-4879-9EBE-391C24646335}.Release|x86.ActiveCfg = Release|Any CPU
		{87D89C4E-DDDA-4879-9EBE-391C24646335}.Release|x86.Build.0 = Release|Any CPU
		{87AEA4DE-0CA1-43F8-ADAA-65655F4DCEFA}.Debug|Any CPU.ActiveCfg = Debug|Any CPU
		{87AEA4DE-0CA1-43F8-ADAA-65655F4DCEFA}.Debug|Any CPU.Build.0 = Debug|Any CPU
		{87AEA4DE-0CA1-43F8-ADAA-65655F4DCEFA}.Debug|ARM.ActiveCfg = Debug|Any CPU
		{87AEA4DE-0CA1-43F8-ADAA-65655F4DCEFA}.Debug|ARM.Build.0 = Debug|Any CPU
		{87AEA4DE-0CA1-43F8-ADAA-65655F4DCEFA}.Debug|iPhone.ActiveCfg = Debug|Any CPU
		{87AEA4DE-0CA1-43F8-ADAA-65655F4DCEFA}.Debug|iPhone.Build.0 = Debug|Any CPU
		{87AEA4DE-0CA1-43F8-ADAA-65655F4DCEFA}.Debug|iPhoneSimulator.ActiveCfg = Debug|Any CPU
		{87AEA4DE-0CA1-43F8-ADAA-65655F4DCEFA}.Debug|iPhoneSimulator.Build.0 = Debug|Any CPU
		{87AEA4DE-0CA1-43F8-ADAA-65655F4DCEFA}.Debug|x64.ActiveCfg = Debug|Any CPU
		{87AEA4DE-0CA1-43F8-ADAA-65655F4DCEFA}.Debug|x64.Build.0 = Debug|Any CPU
		{87AEA4DE-0CA1-43F8-ADAA-65655F4DCEFA}.Debug|x86.ActiveCfg = Debug|Any CPU
		{87AEA4DE-0CA1-43F8-ADAA-65655F4DCEFA}.Debug|x86.Build.0 = Debug|Any CPU
		{87AEA4DE-0CA1-43F8-ADAA-65655F4DCEFA}.Release|Any CPU.ActiveCfg = Release|Any CPU
		{87AEA4DE-0CA1-43F8-ADAA-65655F4DCEFA}.Release|Any CPU.Build.0 = Release|Any CPU
		{87AEA4DE-0CA1-43F8-ADAA-65655F4DCEFA}.Release|ARM.ActiveCfg = Release|Any CPU
		{87AEA4DE-0CA1-43F8-ADAA-65655F4DCEFA}.Release|ARM.Build.0 = Release|Any CPU
		{87AEA4DE-0CA1-43F8-ADAA-65655F4DCEFA}.Release|iPhone.ActiveCfg = Release|Any CPU
		{87AEA4DE-0CA1-43F8-ADAA-65655F4DCEFA}.Release|iPhone.Build.0 = Release|Any CPU
		{87AEA4DE-0CA1-43F8-ADAA-65655F4DCEFA}.Release|iPhoneSimulator.ActiveCfg = Release|Any CPU
		{87AEA4DE-0CA1-43F8-ADAA-65655F4DCEFA}.Release|iPhoneSimulator.Build.0 = Release|Any CPU
		{87AEA4DE-0CA1-43F8-ADAA-65655F4DCEFA}.Release|x64.ActiveCfg = Release|Any CPU
		{87AEA4DE-0CA1-43F8-ADAA-65655F4DCEFA}.Release|x64.Build.0 = Release|Any CPU
		{87AEA4DE-0CA1-43F8-ADAA-65655F4DCEFA}.Release|x86.ActiveCfg = Release|Any CPU
		{87AEA4DE-0CA1-43F8-ADAA-65655F4DCEFA}.Release|x86.Build.0 = Release|Any CPU
		{04486A2D-3CF3-4D46-AA93-3883D0D461AF}.Debug|Any CPU.ActiveCfg = Debug|Any CPU
		{04486A2D-3CF3-4D46-AA93-3883D0D461AF}.Debug|Any CPU.Build.0 = Debug|Any CPU
		{04486A2D-3CF3-4D46-AA93-3883D0D461AF}.Debug|Any CPU.Deploy.0 = Debug|Any CPU
		{04486A2D-3CF3-4D46-AA93-3883D0D461AF}.Debug|ARM.ActiveCfg = Debug|Any CPU
		{04486A2D-3CF3-4D46-AA93-3883D0D461AF}.Debug|ARM.Build.0 = Debug|Any CPU
		{04486A2D-3CF3-4D46-AA93-3883D0D461AF}.Debug|ARM.Deploy.0 = Debug|Any CPU
		{04486A2D-3CF3-4D46-AA93-3883D0D461AF}.Debug|iPhone.ActiveCfg = Debug|Any CPU
		{04486A2D-3CF3-4D46-AA93-3883D0D461AF}.Debug|iPhone.Build.0 = Debug|Any CPU
		{04486A2D-3CF3-4D46-AA93-3883D0D461AF}.Debug|iPhone.Deploy.0 = Debug|Any CPU
		{04486A2D-3CF3-4D46-AA93-3883D0D461AF}.Debug|iPhoneSimulator.ActiveCfg = Debug|Any CPU
		{04486A2D-3CF3-4D46-AA93-3883D0D461AF}.Debug|iPhoneSimulator.Build.0 = Debug|Any CPU
		{04486A2D-3CF3-4D46-AA93-3883D0D461AF}.Debug|iPhoneSimulator.Deploy.0 = Debug|Any CPU
		{04486A2D-3CF3-4D46-AA93-3883D0D461AF}.Debug|x64.ActiveCfg = Debug|Any CPU
		{04486A2D-3CF3-4D46-AA93-3883D0D461AF}.Debug|x64.Build.0 = Debug|Any CPU
		{04486A2D-3CF3-4D46-AA93-3883D0D461AF}.Debug|x64.Deploy.0 = Debug|Any CPU
		{04486A2D-3CF3-4D46-AA93-3883D0D461AF}.Debug|x86.ActiveCfg = Debug|Any CPU
		{04486A2D-3CF3-4D46-AA93-3883D0D461AF}.Debug|x86.Build.0 = Debug|Any CPU
		{04486A2D-3CF3-4D46-AA93-3883D0D461AF}.Debug|x86.Deploy.0 = Debug|Any CPU
		{04486A2D-3CF3-4D46-AA93-3883D0D461AF}.Release|Any CPU.ActiveCfg = Release|Any CPU
		{04486A2D-3CF3-4D46-AA93-3883D0D461AF}.Release|Any CPU.Build.0 = Release|Any CPU
		{04486A2D-3CF3-4D46-AA93-3883D0D461AF}.Release|Any CPU.Deploy.0 = Release|Any CPU
		{04486A2D-3CF3-4D46-AA93-3883D0D461AF}.Release|ARM.ActiveCfg = Release|Any CPU
		{04486A2D-3CF3-4D46-AA93-3883D0D461AF}.Release|ARM.Build.0 = Release|Any CPU
		{04486A2D-3CF3-4D46-AA93-3883D0D461AF}.Release|ARM.Deploy.0 = Release|Any CPU
		{04486A2D-3CF3-4D46-AA93-3883D0D461AF}.Release|iPhone.ActiveCfg = Release|Any CPU
		{04486A2D-3CF3-4D46-AA93-3883D0D461AF}.Release|iPhone.Build.0 = Release|Any CPU
		{04486A2D-3CF3-4D46-AA93-3883D0D461AF}.Release|iPhone.Deploy.0 = Release|Any CPU
		{04486A2D-3CF3-4D46-AA93-3883D0D461AF}.Release|iPhoneSimulator.ActiveCfg = Release|Any CPU
		{04486A2D-3CF3-4D46-AA93-3883D0D461AF}.Release|iPhoneSimulator.Build.0 = Release|Any CPU
		{04486A2D-3CF3-4D46-AA93-3883D0D461AF}.Release|iPhoneSimulator.Deploy.0 = Release|Any CPU
		{04486A2D-3CF3-4D46-AA93-3883D0D461AF}.Release|x64.ActiveCfg = Release|Any CPU
		{04486A2D-3CF3-4D46-AA93-3883D0D461AF}.Release|x64.Build.0 = Release|Any CPU
		{04486A2D-3CF3-4D46-AA93-3883D0D461AF}.Release|x64.Deploy.0 = Release|Any CPU
		{04486A2D-3CF3-4D46-AA93-3883D0D461AF}.Release|x86.ActiveCfg = Release|Any CPU
		{04486A2D-3CF3-4D46-AA93-3883D0D461AF}.Release|x86.Build.0 = Release|Any CPU
		{04486A2D-3CF3-4D46-AA93-3883D0D461AF}.Release|x86.Deploy.0 = Release|Any CPU
		{3D8F04A6-666B-4E36-93BD-F6F6635DA01B}.Debug|Any CPU.ActiveCfg = Debug|Any CPU
		{3D8F04A6-666B-4E36-93BD-F6F6635DA01B}.Debug|Any CPU.Build.0 = Debug|Any CPU
		{3D8F04A6-666B-4E36-93BD-F6F6635DA01B}.Debug|ARM.ActiveCfg = Debug|Any CPU
		{3D8F04A6-666B-4E36-93BD-F6F6635DA01B}.Debug|ARM.Build.0 = Debug|Any CPU
		{3D8F04A6-666B-4E36-93BD-F6F6635DA01B}.Debug|iPhone.ActiveCfg = Debug|Any CPU
		{3D8F04A6-666B-4E36-93BD-F6F6635DA01B}.Debug|iPhone.Build.0 = Debug|Any CPU
		{3D8F04A6-666B-4E36-93BD-F6F6635DA01B}.Debug|iPhoneSimulator.ActiveCfg = Debug|Any CPU
		{3D8F04A6-666B-4E36-93BD-F6F6635DA01B}.Debug|iPhoneSimulator.Build.0 = Debug|Any CPU
		{3D8F04A6-666B-4E36-93BD-F6F6635DA01B}.Debug|x64.ActiveCfg = Debug|Any CPU
		{3D8F04A6-666B-4E36-93BD-F6F6635DA01B}.Debug|x64.Build.0 = Debug|Any CPU
		{3D8F04A6-666B-4E36-93BD-F6F6635DA01B}.Debug|x86.ActiveCfg = Debug|Any CPU
		{3D8F04A6-666B-4E36-93BD-F6F6635DA01B}.Debug|x86.Build.0 = Debug|Any CPU
		{3D8F04A6-666B-4E36-93BD-F6F6635DA01B}.Release|Any CPU.ActiveCfg = Release|Any CPU
		{3D8F04A6-666B-4E36-93BD-F6F6635DA01B}.Release|Any CPU.Build.0 = Release|Any CPU
		{3D8F04A6-666B-4E36-93BD-F6F6635DA01B}.Release|ARM.ActiveCfg = Release|Any CPU
		{3D8F04A6-666B-4E36-93BD-F6F6635DA01B}.Release|ARM.Build.0 = Release|Any CPU
		{3D8F04A6-666B-4E36-93BD-F6F6635DA01B}.Release|iPhone.ActiveCfg = Release|Any CPU
		{3D8F04A6-666B-4E36-93BD-F6F6635DA01B}.Release|iPhone.Build.0 = Release|Any CPU
		{3D8F04A6-666B-4E36-93BD-F6F6635DA01B}.Release|iPhoneSimulator.ActiveCfg = Release|Any CPU
		{3D8F04A6-666B-4E36-93BD-F6F6635DA01B}.Release|iPhoneSimulator.Build.0 = Release|Any CPU
		{3D8F04A6-666B-4E36-93BD-F6F6635DA01B}.Release|x64.ActiveCfg = Release|Any CPU
		{3D8F04A6-666B-4E36-93BD-F6F6635DA01B}.Release|x64.Build.0 = Release|Any CPU
		{3D8F04A6-666B-4E36-93BD-F6F6635DA01B}.Release|x86.ActiveCfg = Release|Any CPU
		{3D8F04A6-666B-4E36-93BD-F6F6635DA01B}.Release|x86.Build.0 = Release|Any CPU
		{9CC22C6E-34AD-4E9E-8F74-6D387C95B24B}.Debug|Any CPU.ActiveCfg = Debug|Any CPU
		{9CC22C6E-34AD-4E9E-8F74-6D387C95B24B}.Debug|Any CPU.Build.0 = Debug|Any CPU
		{9CC22C6E-34AD-4E9E-8F74-6D387C95B24B}.Debug|ARM.ActiveCfg = Debug|Any CPU
		{9CC22C6E-34AD-4E9E-8F74-6D387C95B24B}.Debug|ARM.Build.0 = Debug|Any CPU
		{9CC22C6E-34AD-4E9E-8F74-6D387C95B24B}.Debug|iPhone.ActiveCfg = Debug|Any CPU
		{9CC22C6E-34AD-4E9E-8F74-6D387C95B24B}.Debug|iPhone.Build.0 = Debug|Any CPU
		{9CC22C6E-34AD-4E9E-8F74-6D387C95B24B}.Debug|iPhoneSimulator.ActiveCfg = Debug|Any CPU
		{9CC22C6E-34AD-4E9E-8F74-6D387C95B24B}.Debug|iPhoneSimulator.Build.0 = Debug|Any CPU
		{9CC22C6E-34AD-4E9E-8F74-6D387C95B24B}.Debug|x64.ActiveCfg = Debug|Any CPU
		{9CC22C6E-34AD-4E9E-8F74-6D387C95B24B}.Debug|x64.Build.0 = Debug|Any CPU
		{9CC22C6E-34AD-4E9E-8F74-6D387C95B24B}.Debug|x86.ActiveCfg = Debug|Any CPU
		{9CC22C6E-34AD-4E9E-8F74-6D387C95B24B}.Debug|x86.Build.0 = Debug|Any CPU
		{9CC22C6E-34AD-4E9E-8F74-6D387C95B24B}.Release|Any CPU.ActiveCfg = Release|Any CPU
		{9CC22C6E-34AD-4E9E-8F74-6D387C95B24B}.Release|Any CPU.Build.0 = Release|Any CPU
		{9CC22C6E-34AD-4E9E-8F74-6D387C95B24B}.Release|ARM.ActiveCfg = Release|Any CPU
		{9CC22C6E-34AD-4E9E-8F74-6D387C95B24B}.Release|ARM.Build.0 = Release|Any CPU
		{9CC22C6E-34AD-4E9E-8F74-6D387C95B24B}.Release|iPhone.ActiveCfg = Release|Any CPU
		{9CC22C6E-34AD-4E9E-8F74-6D387C95B24B}.Release|iPhone.Build.0 = Release|Any CPU
		{9CC22C6E-34AD-4E9E-8F74-6D387C95B24B}.Release|iPhoneSimulator.ActiveCfg = Release|Any CPU
		{9CC22C6E-34AD-4E9E-8F74-6D387C95B24B}.Release|iPhoneSimulator.Build.0 = Release|Any CPU
		{9CC22C6E-34AD-4E9E-8F74-6D387C95B24B}.Release|x64.ActiveCfg = Release|Any CPU
		{9CC22C6E-34AD-4E9E-8F74-6D387C95B24B}.Release|x64.Build.0 = Release|Any CPU
		{9CC22C6E-34AD-4E9E-8F74-6D387C95B24B}.Release|x86.ActiveCfg = Release|Any CPU
		{9CC22C6E-34AD-4E9E-8F74-6D387C95B24B}.Release|x86.Build.0 = Release|Any CPU
		{57DCA8D7-B9D4-4C98-B54F-609D18ED5871}.Debug|Any CPU.ActiveCfg = Debug|Any CPU
		{57DCA8D7-B9D4-4C98-B54F-609D18ED5871}.Debug|Any CPU.Build.0 = Debug|Any CPU
		{57DCA8D7-B9D4-4C98-B54F-609D18ED5871}.Debug|Any CPU.Deploy.0 = Debug|Any CPU
		{57DCA8D7-B9D4-4C98-B54F-609D18ED5871}.Debug|ARM.ActiveCfg = Debug|Any CPU
		{57DCA8D7-B9D4-4C98-B54F-609D18ED5871}.Debug|ARM.Build.0 = Debug|Any CPU
		{57DCA8D7-B9D4-4C98-B54F-609D18ED5871}.Debug|ARM.Deploy.0 = Debug|Any CPU
		{57DCA8D7-B9D4-4C98-B54F-609D18ED5871}.Debug|iPhone.ActiveCfg = Debug|Any CPU
		{57DCA8D7-B9D4-4C98-B54F-609D18ED5871}.Debug|iPhone.Build.0 = Debug|Any CPU
		{57DCA8D7-B9D4-4C98-B54F-609D18ED5871}.Debug|iPhone.Deploy.0 = Debug|Any CPU
		{57DCA8D7-B9D4-4C98-B54F-609D18ED5871}.Debug|iPhoneSimulator.ActiveCfg = Debug|Any CPU
		{57DCA8D7-B9D4-4C98-B54F-609D18ED5871}.Debug|iPhoneSimulator.Build.0 = Debug|Any CPU
		{57DCA8D7-B9D4-4C98-B54F-609D18ED5871}.Debug|iPhoneSimulator.Deploy.0 = Debug|Any CPU
		{57DCA8D7-B9D4-4C98-B54F-609D18ED5871}.Debug|x64.ActiveCfg = Debug|Any CPU
		{57DCA8D7-B9D4-4C98-B54F-609D18ED5871}.Debug|x64.Build.0 = Debug|Any CPU
		{57DCA8D7-B9D4-4C98-B54F-609D18ED5871}.Debug|x64.Deploy.0 = Debug|Any CPU
		{57DCA8D7-B9D4-4C98-B54F-609D18ED5871}.Debug|x86.ActiveCfg = Debug|Any CPU
		{57DCA8D7-B9D4-4C98-B54F-609D18ED5871}.Debug|x86.Build.0 = Debug|Any CPU
		{57DCA8D7-B9D4-4C98-B54F-609D18ED5871}.Debug|x86.Deploy.0 = Debug|Any CPU
		{57DCA8D7-B9D4-4C98-B54F-609D18ED5871}.Release|Any CPU.ActiveCfg = Release|Any CPU
		{57DCA8D7-B9D4-4C98-B54F-609D18ED5871}.Release|Any CPU.Build.0 = Release|Any CPU
		{57DCA8D7-B9D4-4C98-B54F-609D18ED5871}.Release|Any CPU.Deploy.0 = Release|Any CPU
		{57DCA8D7-B9D4-4C98-B54F-609D18ED5871}.Release|ARM.ActiveCfg = Release|Any CPU
		{57DCA8D7-B9D4-4C98-B54F-609D18ED5871}.Release|ARM.Build.0 = Release|Any CPU
		{57DCA8D7-B9D4-4C98-B54F-609D18ED5871}.Release|ARM.Deploy.0 = Release|Any CPU
		{57DCA8D7-B9D4-4C98-B54F-609D18ED5871}.Release|iPhone.ActiveCfg = Release|Any CPU
		{57DCA8D7-B9D4-4C98-B54F-609D18ED5871}.Release|iPhone.Build.0 = Release|Any CPU
		{57DCA8D7-B9D4-4C98-B54F-609D18ED5871}.Release|iPhone.Deploy.0 = Release|Any CPU
		{57DCA8D7-B9D4-4C98-B54F-609D18ED5871}.Release|iPhoneSimulator.ActiveCfg = Release|Any CPU
		{57DCA8D7-B9D4-4C98-B54F-609D18ED5871}.Release|iPhoneSimulator.Build.0 = Release|Any CPU
		{57DCA8D7-B9D4-4C98-B54F-609D18ED5871}.Release|iPhoneSimulator.Deploy.0 = Release|Any CPU
		{57DCA8D7-B9D4-4C98-B54F-609D18ED5871}.Release|x64.ActiveCfg = Release|Any CPU
		{57DCA8D7-B9D4-4C98-B54F-609D18ED5871}.Release|x64.Build.0 = Release|Any CPU
		{57DCA8D7-B9D4-4C98-B54F-609D18ED5871}.Release|x64.Deploy.0 = Release|Any CPU
		{57DCA8D7-B9D4-4C98-B54F-609D18ED5871}.Release|x86.ActiveCfg = Release|Any CPU
		{57DCA8D7-B9D4-4C98-B54F-609D18ED5871}.Release|x86.Build.0 = Release|Any CPU
		{57DCA8D7-B9D4-4C98-B54F-609D18ED5871}.Release|x86.Deploy.0 = Release|Any CPU
		{0B8F1EBE-8128-4584-9CA6-E4D7D6CB5C49}.Debug|Any CPU.ActiveCfg = Debug|iPhoneSimulator
		{0B8F1EBE-8128-4584-9CA6-E4D7D6CB5C49}.Debug|Any CPU.Build.0 = Debug|iPhoneSimulator
		{0B8F1EBE-8128-4584-9CA6-E4D7D6CB5C49}.Debug|ARM.ActiveCfg = Debug|iPhoneSimulator
		{0B8F1EBE-8128-4584-9CA6-E4D7D6CB5C49}.Debug|ARM.Build.0 = Debug|iPhoneSimulator
		{0B8F1EBE-8128-4584-9CA6-E4D7D6CB5C49}.Debug|iPhone.ActiveCfg = Debug|iPhone
		{0B8F1EBE-8128-4584-9CA6-E4D7D6CB5C49}.Debug|iPhone.Build.0 = Debug|iPhone
		{0B8F1EBE-8128-4584-9CA6-E4D7D6CB5C49}.Debug|iPhoneSimulator.ActiveCfg = Debug|iPhoneSimulator
		{0B8F1EBE-8128-4584-9CA6-E4D7D6CB5C49}.Debug|iPhoneSimulator.Build.0 = Debug|iPhoneSimulator
		{0B8F1EBE-8128-4584-9CA6-E4D7D6CB5C49}.Debug|x64.ActiveCfg = Debug|iPhoneSimulator
		{0B8F1EBE-8128-4584-9CA6-E4D7D6CB5C49}.Debug|x64.Build.0 = Debug|iPhoneSimulator
		{0B8F1EBE-8128-4584-9CA6-E4D7D6CB5C49}.Debug|x86.ActiveCfg = Debug|iPhoneSimulator
		{0B8F1EBE-8128-4584-9CA6-E4D7D6CB5C49}.Debug|x86.Build.0 = Debug|iPhoneSimulator
		{0B8F1EBE-8128-4584-9CA6-E4D7D6CB5C49}.Release|Any CPU.ActiveCfg = Release|iPhoneSimulator
		{0B8F1EBE-8128-4584-9CA6-E4D7D6CB5C49}.Release|Any CPU.Build.0 = Release|iPhoneSimulator
		{0B8F1EBE-8128-4584-9CA6-E4D7D6CB5C49}.Release|ARM.ActiveCfg = Release|iPhoneSimulator
		{0B8F1EBE-8128-4584-9CA6-E4D7D6CB5C49}.Release|ARM.Build.0 = Release|iPhoneSimulator
		{0B8F1EBE-8128-4584-9CA6-E4D7D6CB5C49}.Release|iPhone.ActiveCfg = Release|iPhone
		{0B8F1EBE-8128-4584-9CA6-E4D7D6CB5C49}.Release|iPhone.Build.0 = Release|iPhone
		{0B8F1EBE-8128-4584-9CA6-E4D7D6CB5C49}.Release|iPhoneSimulator.ActiveCfg = Release|iPhoneSimulator
		{0B8F1EBE-8128-4584-9CA6-E4D7D6CB5C49}.Release|iPhoneSimulator.Build.0 = Release|iPhoneSimulator
		{0B8F1EBE-8128-4584-9CA6-E4D7D6CB5C49}.Release|x64.ActiveCfg = Release|iPhoneSimulator
		{0B8F1EBE-8128-4584-9CA6-E4D7D6CB5C49}.Release|x64.Build.0 = Release|iPhoneSimulator
		{0B8F1EBE-8128-4584-9CA6-E4D7D6CB5C49}.Release|x86.ActiveCfg = Release|iPhoneSimulator
		{0B8F1EBE-8128-4584-9CA6-E4D7D6CB5C49}.Release|x86.Build.0 = Release|iPhoneSimulator
		{F1DA0D7C-E4C2-45DD-9F4B-3C98F42EDB56}.Debug|Any CPU.ActiveCfg = Debug|Any CPU
		{F1DA0D7C-E4C2-45DD-9F4B-3C98F42EDB56}.Debug|Any CPU.Build.0 = Debug|Any CPU
		{F1DA0D7C-E4C2-45DD-9F4B-3C98F42EDB56}.Debug|ARM.ActiveCfg = Debug|Any CPU
		{F1DA0D7C-E4C2-45DD-9F4B-3C98F42EDB56}.Debug|ARM.Build.0 = Debug|Any CPU
		{F1DA0D7C-E4C2-45DD-9F4B-3C98F42EDB56}.Debug|iPhone.ActiveCfg = Debug|Any CPU
		{F1DA0D7C-E4C2-45DD-9F4B-3C98F42EDB56}.Debug|iPhone.Build.0 = Debug|Any CPU
		{F1DA0D7C-E4C2-45DD-9F4B-3C98F42EDB56}.Debug|iPhoneSimulator.ActiveCfg = Debug|Any CPU
		{F1DA0D7C-E4C2-45DD-9F4B-3C98F42EDB56}.Debug|iPhoneSimulator.Build.0 = Debug|Any CPU
		{F1DA0D7C-E4C2-45DD-9F4B-3C98F42EDB56}.Debug|x64.ActiveCfg = Debug|Any CPU
		{F1DA0D7C-E4C2-45DD-9F4B-3C98F42EDB56}.Debug|x64.Build.0 = Debug|Any CPU
		{F1DA0D7C-E4C2-45DD-9F4B-3C98F42EDB56}.Debug|x86.ActiveCfg = Debug|Any CPU
		{F1DA0D7C-E4C2-45DD-9F4B-3C98F42EDB56}.Debug|x86.Build.0 = Debug|Any CPU
		{F1DA0D7C-E4C2-45DD-9F4B-3C98F42EDB56}.Release|Any CPU.ActiveCfg = Release|Any CPU
		{F1DA0D7C-E4C2-45DD-9F4B-3C98F42EDB56}.Release|Any CPU.Build.0 = Release|Any CPU
		{F1DA0D7C-E4C2-45DD-9F4B-3C98F42EDB56}.Release|ARM.ActiveCfg = Release|Any CPU
		{F1DA0D7C-E4C2-45DD-9F4B-3C98F42EDB56}.Release|ARM.Build.0 = Release|Any CPU
		{F1DA0D7C-E4C2-45DD-9F4B-3C98F42EDB56}.Release|iPhone.ActiveCfg = Release|Any CPU
		{F1DA0D7C-E4C2-45DD-9F4B-3C98F42EDB56}.Release|iPhone.Build.0 = Release|Any CPU
		{F1DA0D7C-E4C2-45DD-9F4B-3C98F42EDB56}.Release|iPhoneSimulator.ActiveCfg = Release|Any CPU
		{F1DA0D7C-E4C2-45DD-9F4B-3C98F42EDB56}.Release|iPhoneSimulator.Build.0 = Release|Any CPU
		{F1DA0D7C-E4C2-45DD-9F4B-3C98F42EDB56}.Release|x64.ActiveCfg = Release|Any CPU
		{F1DA0D7C-E4C2-45DD-9F4B-3C98F42EDB56}.Release|x64.Build.0 = Release|Any CPU
		{F1DA0D7C-E4C2-45DD-9F4B-3C98F42EDB56}.Release|x86.ActiveCfg = Release|Any CPU
		{F1DA0D7C-E4C2-45DD-9F4B-3C98F42EDB56}.Release|x86.Build.0 = Release|Any CPU
		{FEF0E90D-C2B7-4886-8C71-A7CDFF7106FE}.Debug|Any CPU.ActiveCfg = Debug|Any CPU
		{FEF0E90D-C2B7-4886-8C71-A7CDFF7106FE}.Debug|Any CPU.Build.0 = Debug|Any CPU
		{FEF0E90D-C2B7-4886-8C71-A7CDFF7106FE}.Debug|ARM.ActiveCfg = Debug|Any CPU
		{FEF0E90D-C2B7-4886-8C71-A7CDFF7106FE}.Debug|ARM.Build.0 = Debug|Any CPU
		{FEF0E90D-C2B7-4886-8C71-A7CDFF7106FE}.Debug|iPhone.ActiveCfg = Debug|Any CPU
		{FEF0E90D-C2B7-4886-8C71-A7CDFF7106FE}.Debug|iPhone.Build.0 = Debug|Any CPU
		{FEF0E90D-C2B7-4886-8C71-A7CDFF7106FE}.Debug|iPhoneSimulator.ActiveCfg = Debug|Any CPU
		{FEF0E90D-C2B7-4886-8C71-A7CDFF7106FE}.Debug|iPhoneSimulator.Build.0 = Debug|Any CPU
		{FEF0E90D-C2B7-4886-8C71-A7CDFF7106FE}.Debug|x64.ActiveCfg = Debug|Any CPU
		{FEF0E90D-C2B7-4886-8C71-A7CDFF7106FE}.Debug|x64.Build.0 = Debug|Any CPU
		{FEF0E90D-C2B7-4886-8C71-A7CDFF7106FE}.Debug|x86.ActiveCfg = Debug|Any CPU
		{FEF0E90D-C2B7-4886-8C71-A7CDFF7106FE}.Debug|x86.Build.0 = Debug|Any CPU
		{FEF0E90D-C2B7-4886-8C71-A7CDFF7106FE}.Release|Any CPU.ActiveCfg = Release|Any CPU
		{FEF0E90D-C2B7-4886-8C71-A7CDFF7106FE}.Release|Any CPU.Build.0 = Release|Any CPU
		{FEF0E90D-C2B7-4886-8C71-A7CDFF7106FE}.Release|ARM.ActiveCfg = Release|Any CPU
		{FEF0E90D-C2B7-4886-8C71-A7CDFF7106FE}.Release|ARM.Build.0 = Release|Any CPU
		{FEF0E90D-C2B7-4886-8C71-A7CDFF7106FE}.Release|iPhone.ActiveCfg = Release|Any CPU
		{FEF0E90D-C2B7-4886-8C71-A7CDFF7106FE}.Release|iPhone.Build.0 = Release|Any CPU
		{FEF0E90D-C2B7-4886-8C71-A7CDFF7106FE}.Release|iPhoneSimulator.ActiveCfg = Release|Any CPU
		{FEF0E90D-C2B7-4886-8C71-A7CDFF7106FE}.Release|iPhoneSimulator.Build.0 = Release|Any CPU
		{FEF0E90D-C2B7-4886-8C71-A7CDFF7106FE}.Release|x64.ActiveCfg = Release|Any CPU
		{FEF0E90D-C2B7-4886-8C71-A7CDFF7106FE}.Release|x64.Build.0 = Release|Any CPU
		{FEF0E90D-C2B7-4886-8C71-A7CDFF7106FE}.Release|x86.ActiveCfg = Release|Any CPU
		{FEF0E90D-C2B7-4886-8C71-A7CDFF7106FE}.Release|x86.Build.0 = Release|Any CPU
		{4C9873EE-47A9-48A2-975C-844D1DAB9D9C}.Debug|Any CPU.ActiveCfg = Debug|Any CPU
		{4C9873EE-47A9-48A2-975C-844D1DAB9D9C}.Debug|Any CPU.Build.0 = Debug|Any CPU
		{4C9873EE-47A9-48A2-975C-844D1DAB9D9C}.Debug|ARM.ActiveCfg = Debug|Any CPU
		{4C9873EE-47A9-48A2-975C-844D1DAB9D9C}.Debug|ARM.Build.0 = Debug|Any CPU
		{4C9873EE-47A9-48A2-975C-844D1DAB9D9C}.Debug|iPhone.ActiveCfg = Debug|Any CPU
		{4C9873EE-47A9-48A2-975C-844D1DAB9D9C}.Debug|iPhone.Build.0 = Debug|Any CPU
		{4C9873EE-47A9-48A2-975C-844D1DAB9D9C}.Debug|iPhoneSimulator.ActiveCfg = Debug|Any CPU
		{4C9873EE-47A9-48A2-975C-844D1DAB9D9C}.Debug|iPhoneSimulator.Build.0 = Debug|Any CPU
		{4C9873EE-47A9-48A2-975C-844D1DAB9D9C}.Debug|x64.ActiveCfg = Debug|Any CPU
		{4C9873EE-47A9-48A2-975C-844D1DAB9D9C}.Debug|x64.Build.0 = Debug|Any CPU
		{4C9873EE-47A9-48A2-975C-844D1DAB9D9C}.Debug|x86.ActiveCfg = Debug|Any CPU
		{4C9873EE-47A9-48A2-975C-844D1DAB9D9C}.Debug|x86.Build.0 = Debug|Any CPU
		{4C9873EE-47A9-48A2-975C-844D1DAB9D9C}.Release|Any CPU.ActiveCfg = Release|Any CPU
		{4C9873EE-47A9-48A2-975C-844D1DAB9D9C}.Release|Any CPU.Build.0 = Release|Any CPU
		{4C9873EE-47A9-48A2-975C-844D1DAB9D9C}.Release|ARM.ActiveCfg = Release|Any CPU
		{4C9873EE-47A9-48A2-975C-844D1DAB9D9C}.Release|ARM.Build.0 = Release|Any CPU
		{4C9873EE-47A9-48A2-975C-844D1DAB9D9C}.Release|iPhone.ActiveCfg = Release|Any CPU
		{4C9873EE-47A9-48A2-975C-844D1DAB9D9C}.Release|iPhone.Build.0 = Release|Any CPU
		{4C9873EE-47A9-48A2-975C-844D1DAB9D9C}.Release|iPhoneSimulator.ActiveCfg = Release|Any CPU
		{4C9873EE-47A9-48A2-975C-844D1DAB9D9C}.Release|iPhoneSimulator.Build.0 = Release|Any CPU
		{4C9873EE-47A9-48A2-975C-844D1DAB9D9C}.Release|x64.ActiveCfg = Release|Any CPU
		{4C9873EE-47A9-48A2-975C-844D1DAB9D9C}.Release|x64.Build.0 = Release|Any CPU
		{4C9873EE-47A9-48A2-975C-844D1DAB9D9C}.Release|x86.ActiveCfg = Release|Any CPU
		{4C9873EE-47A9-48A2-975C-844D1DAB9D9C}.Release|x86.Build.0 = Release|Any CPU
		{543C14F0-6D9B-475A-8C39-FD5B99493557}.Debug|Any CPU.ActiveCfg = Debug|Any CPU
		{543C14F0-6D9B-475A-8C39-FD5B99493557}.Debug|Any CPU.Build.0 = Debug|Any CPU
		{543C14F0-6D9B-475A-8C39-FD5B99493557}.Debug|ARM.ActiveCfg = Debug|Any CPU
		{543C14F0-6D9B-475A-8C39-FD5B99493557}.Debug|ARM.Build.0 = Debug|Any CPU
		{543C14F0-6D9B-475A-8C39-FD5B99493557}.Debug|iPhone.ActiveCfg = Debug|Any CPU
		{543C14F0-6D9B-475A-8C39-FD5B99493557}.Debug|iPhone.Build.0 = Debug|Any CPU
		{543C14F0-6D9B-475A-8C39-FD5B99493557}.Debug|iPhoneSimulator.ActiveCfg = Debug|Any CPU
		{543C14F0-6D9B-475A-8C39-FD5B99493557}.Debug|iPhoneSimulator.Build.0 = Debug|Any CPU
		{543C14F0-6D9B-475A-8C39-FD5B99493557}.Debug|x64.ActiveCfg = Debug|Any CPU
		{543C14F0-6D9B-475A-8C39-FD5B99493557}.Debug|x64.Build.0 = Debug|Any CPU
		{543C14F0-6D9B-475A-8C39-FD5B99493557}.Debug|x86.ActiveCfg = Debug|Any CPU
		{543C14F0-6D9B-475A-8C39-FD5B99493557}.Debug|x86.Build.0 = Debug|Any CPU
		{543C14F0-6D9B-475A-8C39-FD5B99493557}.Release|Any CPU.ActiveCfg = Release|Any CPU
		{543C14F0-6D9B-475A-8C39-FD5B99493557}.Release|Any CPU.Build.0 = Release|Any CPU
		{543C14F0-6D9B-475A-8C39-FD5B99493557}.Release|ARM.ActiveCfg = Release|Any CPU
		{543C14F0-6D9B-475A-8C39-FD5B99493557}.Release|ARM.Build.0 = Release|Any CPU
		{543C14F0-6D9B-475A-8C39-FD5B99493557}.Release|iPhone.ActiveCfg = Release|Any CPU
		{543C14F0-6D9B-475A-8C39-FD5B99493557}.Release|iPhone.Build.0 = Release|Any CPU
		{543C14F0-6D9B-475A-8C39-FD5B99493557}.Release|iPhoneSimulator.ActiveCfg = Release|Any CPU
		{543C14F0-6D9B-475A-8C39-FD5B99493557}.Release|iPhoneSimulator.Build.0 = Release|Any CPU
		{543C14F0-6D9B-475A-8C39-FD5B99493557}.Release|x64.ActiveCfg = Release|Any CPU
		{543C14F0-6D9B-475A-8C39-FD5B99493557}.Release|x64.Build.0 = Release|Any CPU
		{543C14F0-6D9B-475A-8C39-FD5B99493557}.Release|x86.ActiveCfg = Release|Any CPU
		{543C14F0-6D9B-475A-8C39-FD5B99493557}.Release|x86.Build.0 = Release|Any CPU
	EndGlobalSection
	GlobalSection(SolutionProperties) = preSolution
		HideSolutionNode = FALSE
	EndGlobalSection
	GlobalSection(NestedProjects) = preSolution
		{A480829B-64FB-4C78-826B-FCF4ABC0B1EB} = {9112EAE7-2905-431E-AC5B-DC4A3D9F79E9}
		{CD6E1F28-62D7-4522-B148-EA5A1A973B3F} = {9112EAE7-2905-431E-AC5B-DC4A3D9F79E9}
		{87D89C4E-DDDA-4879-9EBE-391C24646335} = {9112EAE7-2905-431E-AC5B-DC4A3D9F79E9}
		{87AEA4DE-0CA1-43F8-ADAA-65655F4DCEFA} = {9112EAE7-2905-431E-AC5B-DC4A3D9F79E9}
		{04486A2D-3CF3-4D46-AA93-3883D0D461AF} = {9112EAE7-2905-431E-AC5B-DC4A3D9F79E9}
		{3D8F04A6-666B-4E36-93BD-F6F6635DA01B} = {9112EAE7-2905-431E-AC5B-DC4A3D9F79E9}
		{9CC22C6E-34AD-4E9E-8F74-6D387C95B24B} = {9112EAE7-2905-431E-AC5B-DC4A3D9F79E9}
		{57DCA8D7-B9D4-4C98-B54F-609D18ED5871} = {9112EAE7-2905-431E-AC5B-DC4A3D9F79E9}
		{0B8F1EBE-8128-4584-9CA6-E4D7D6CB5C49} = {9112EAE7-2905-431E-AC5B-DC4A3D9F79E9}
		{F1DA0D7C-E4C2-45DD-9F4B-3C98F42EDB56} = {9112EAE7-2905-431E-AC5B-DC4A3D9F79E9}
		{FEF0E90D-C2B7-4886-8C71-A7CDFF7106FE} = {9112EAE7-2905-431E-AC5B-DC4A3D9F79E9}
		{4C9873EE-47A9-48A2-975C-844D1DAB9D9C} = {43639534-750A-4186-B8E9-EA834B608CFC}
		{543C14F0-6D9B-475A-8C39-FD5B99493557} = {43639534-750A-4186-B8E9-EA834B608CFC}
	EndGlobalSection
	GlobalSection(ExtensibilityGlobals) = postSolution
		SolutionGuid = {C7E5B865-2D0F-4149-8CA9-F5410A4D055D}
	EndGlobalSection
EndGlobal
